<?xml version="1.0" encoding="utf-8"?>
<Project ToolsVersion="4.0" xmlns="http://schemas.microsoft.com/developer/msbuild/2003">
  <ItemGroup>
    <Filter Include="Source Files">
      <UniqueIdentifier>{e2ddc707-080c-401a-bae0-5e411a1e19a0}</UniqueIdentifier>
      <Extensions>cpp;c;cxx;rc;def;r;odl;idl;hpj;bat</Extensions>
    </Filter>
    <Filter Include="Header Files">
      <UniqueIdentifier>{8b5c89f8-b735-489c-bf0b-fd6246b061b4}</UniqueIdentifier>
      <Extensions>h;hpp;hxx;hm;inl</Extensions>
    </Filter>
    <Filter Include="Resource Files">
      <UniqueIdentifier>{ccba3022-16ef-4a22-bd76-9ccf669049b8}</UniqueIdentifier>
      <Extensions>ico;cur;bmp;dlg;rc2;rct;bin;rgs;gif;jpg;jpeg;jpe</Extensions>
    </Filter>
  </ItemGroup>
  <ItemGroup>
    <ClCompile Include="..\eLearning.Jp\BmpApi.cpp">
      <Filter>Source Files</Filter>
    </ClCompile>
    <ClCompile Include="..\eLearning.Jp\BmpBtn.cpp">
      <Filter>Source Files</Filter>
    </ClCompile>
    <ClCompile Include="..\eLearning.JP\ColGrid.cpp">
      <Filter>Source Files</Filter>
    </ClCompile>
    <ClCompile Include="..\eLearning.Jp\DataBrowseWnd.cpp">
      <Filter>Source Files</Filter>
    </ClCompile>
    <ClCompile Include="..\eLearning.Jp\Grdapi.cpp">
      <Filter>Source Files</Filter>
    </ClCompile>
    <ClCompile Include="..\eLearning.Jp\Gridctrl.cpp">
      <Filter>Source Files</Filter>
    </ClCompile>
    <ClCompile Include="..\eLearning.JP\ProgressWnd.cpp">
      <Filter>Source Files</Filter>
    </ClCompile>
    <ClCompile Include="..\eLearning.Jp\Uigrid.cpp">
      <Filter>Source Files</Filter>
    </ClCompile>
    <ClCompile Include="Cmkapi.cpp">
      <Filter>Source Files</Filter>
    </ClCompile>
    <ClCompile Include="CourseLoader.cpp">
      <Filter>Source Files</Filter>
    </ClCompile>
    <ClCompile Include="CourseLoaderDlg.cpp">
      <Filter>Source Files</Filter>
    </ClCompile>
    <ClCompile Include="CScorm.cpp">
      <Filter>Source Files</Filter>
    </ClCompile>
    <ClCompile Include="DlgAskCourseDup.cpp">
      <Filter>Source Files</Filter>
    </ClCompile>
    <ClCompile Include="DlgAskType.cpp">
      <Filter>Source Files</Filter>
    </ClCompile>
    <ClCompile Include="DlgCourseDupFTP.cpp">
      <Filter>Source Files</Filter>
    </ClCompile>
    <ClCompile Include="DlgInputProfileName.cpp">
      <Filter>Source Files</Filter>
    </ClCompile>
    <ClCompile Include="DlgInputScornInfo.cpp">
      <Filter>Source Files</Filter>
    </ClCompile>
    <ClCompile Include="DlgLaunchOK.cpp">
      <Filter>Source Files</Filter>
    </ClCompile>
    <ClCompile Include="DlgOption.cpp">
      <Filter>Source Files</Filter>
    </ClCompile>
    <ClCompile Include="DlgProgress.cpp">
      <Filter>Source Files</Filter>
    </ClCompile>
    <ClCompile Include="DlgRegenIndex.cpp">
      <Filter>Source Files</Filter>
    </ClCompile>
    <ClCompile Include="DlgSelType.cpp">
      <Filter>Source Files</Filter>
    </ClCompile>
    <ClCompile Include="DlgSQL.cpp">
      <Filter>Source Files</Filter>
    </ClCompile>
    <ClCompile Include="DlgTransCourse.cpp">
      <Filter>Source Files</Filter>
    </ClCompile>
    <ClCompile Include="DlgTypeSet.cpp">
      <Filter>Source Files</Filter>
    </ClCompile>
    <ClCompile Include="DlgViewSelect.cpp">
      <Filter>Source Files</Filter>
    </ClCompile>
    <ClCompile Include="EncodeApi.cpp">
      <Filter>Source Files</Filter>
    </ClCompile>
    <ClCompile Include="PageMediaServer.cpp">
      <Filter>Source Files</Filter>
    </ClCompile>
    <ClCompile Include="PageWebServer.cpp">
      <Filter>Source Files</Filter>
    </ClCompile>
    <ClCompile Include="SheetSetting.cpp">
      <Filter>Source Files</Filter>
    </ClCompile>
    <ClCompile Include="StdAfx.cpp">
      <Filter>Source Files</Filter>
    </ClCompile>
    <ClCompile Include="TextProgressCtrl.cpp">
      <Filter>Source Files</Filter>
    </ClCompile>
  </ItemGroup>
  <ItemGroup>
    <ResourceCompile Include="CourseLoader.rc">
      <Filter>Source Files</Filter>
    </ResourceCompile>
  </ItemGroup>
  <ItemGroup>
    <ClInclude Include="..\eLearning.Jp\BmpApi.h">
      <Filter>Header Files</Filter>
    </ClInclude>
    <ClInclude Include="..\eLearning.Jp\BmpBtn.h">
      <Filter>Header Files</Filter>
    </ClInclude>
    <ClInclude Include="..\eLearning.Jp\ColGrid.h">
      <Filter>Header Files</Filter>
    </ClInclude>
    <ClInclude Include="..\eLearning.Jp\DataBrowseWnd.h">
      <Filter>Header Files</Filter>
    </ClInclude>
    <ClInclude Include="..\eLearning.Jp\Grdapi.h">
      <Filter>Header Files</Filter>
    </ClInclude>
    <ClInclude Include="..\eLearning.Jp\GRIDCTRL.H">
      <Filter>Header Files</Filter>
    </ClInclude>
    <ClInclude Include="..\eLearning.Jp\ProgressWnd.h">
      <Filter>Header Files</Filter>
    </ClInclude>
    <ClInclude Include="..\eLearning.Jp\Uigrid.h">
      <Filter>Header Files</Filter>
    </ClInclude>
    <ClInclude Include="Cmkapi.h">
      <Filter>Header Files</Filter>
    </ClInclude>
    <ClInclude Include="CourseLoader.h">
      <Filter>Header Files</Filter>
    </ClInclude>
    <ClInclude Include="CourseLoaderDlg.h">
      <Filter>Header Files</Filter>
    </ClInclude>
    <ClInclude Include="CScorm.h">
      <Filter>Header Files</Filter>
    </ClInclude>
    <ClInclude Include="DlgAskCourseDup.h">
      <Filter>Header Files</Filter>
    </ClInclude>
    <ClInclude Include="DlgAskType.h">
      <Filter>Header Files</Filter>
    </ClInclude>
    <ClInclude Include="DlgCourseDupFTP.h">
      <Filter>Header Files</Filter>
    </ClInclude>
    <ClInclude Include="DlgInputProfileName.h">
      <Filter>Header Files</Filter>
    </ClInclude>
    <ClInclude Include="DlgInputScornInfo.h">
      <Filter>Header Files</Filter>
    </ClInclude>
    <ClInclude Include="DlgLaunchOK.h">
      <Filter>Header Files</Filter>
    </ClInclude>
    <ClInclude Include="DlgOption.h">
      <Filter>Header Files</Filter>
    </ClInclude>
    <ClInclude Include="DlgProgress.h">
      <Filter>Header Files</Filter>
    </ClInclude>
    <ClInclude Include="DlgRegenIndex.h">
      <Filter>Header Files</Filter>
    </ClInclude>
    <ClInclude Include="DlgSelType.h">
      <Filter>Header Files</Filter>
    </ClInclude>
    <ClInclude Include="DlgSQL.h">
      <Filter>Header Files</Filter>
    </ClInclude>
    <ClInclude Include="DlgTransCourse.h">
      <Filter>Header Files</Filter>
    </ClInclude>
    <ClInclude Include="DlgTypeSet.h">
      <Filter>Header Files</Filter>
    </ClInclude>
    <ClInclude Include="DlgViewSelect.h">
      <Filter>Header Files</Filter>
    </ClInclude>
    <ClInclude Include="EncodeApi.h">
      <Filter>Header Files</Filter>
    </ClInclude>
    <ClInclude Include="PageMediaServer.h">
      <Filter>Header Files</Filter>
    </ClInclude>
    <ClInclude Include="PageWebServer.h">
      <Filter>Header Files</Filter>
    </ClInclude>
    <ClInclude Include="Resource.h">
      <Filter>Header Files</Filter>
    </ClInclude>
    <ClInclude Include="SheetSetting.h">
      <Filter>Header Files</Filter>
    </ClInclude>
    <ClInclude Include="StdAfx.h">
      <Filter>Header Files</Filter>
    </ClInclude>
    <ClInclude Include="TextProgressCtrl.h">
      <Filter>Header Files</Filter>
    </ClInclude>
  </ItemGroup>
  <ItemGroup>
    <CustomBuild Include="res\check1.bmp">
      <Filter>Resource Files</Filter>
    </CustomBuild>
    <CustomBuild Include="res\coldtoolbar.bmp">
      <Filter>Resource Files</Filter>
    </CustomBuild>
    <CustomBuild Include="res\CourseLoader.ico">
      <Filter>Resource Files</Filter>
    </CustomBuild>
    <CustomBuild Include="res\CourseLoader.rc2">
      <Filter>Resource Files</Filter>
    </CustomBuild>
    <CustomBuild Include="res\CURSOR1.CUR">
      <Filter>Resource Files</Filter>
    </CustomBuild>
    <CustomBuild Include="res\CURSOR_D.CUR">
      <Filter>Resource Files</Filter>
    </CustomBuild>
    <CustomBuild Include="res\hand.cur">
      <Filter>Resource Files</Filter>
    </CustomBuild>
    <CustomBuild Include="res\hottoolbar.bmp">
      <Filter>Resource Files</Filter>
    </CustomBuild>
    <CustomBuild Include="res\icon1.ico">
      <Filter>Resource Files</Filter>
    </CustomBuild>
    <CustomBuild Include="res\NOTE_DIS.BMP">
      <Filter>Resource Files</Filter>
    </CustomBuild>
    <CustomBuild Include="res\NOTE_EN.BMP">
      <Filter>Resource Files</Filter>
    </CustomBuild>
    <CustomBuild Include="res\Open.bmp">
      <Filter>Resource Files</Filter>
    </CustomBuild>
    <CustomBuild Include="res\Toolbar.bmp">
      <Filter>Resource Files</Filter>
    </CustomBuild>
    <CustomBuild Include="res\UNKNOWN.BMP">
      <Filter>Resource Files</Filter>
    </CustomBuild>
    <CustomBuild Include="res\unknown1.bmp">
      <Filter>Resource Files</Filter>
    </CustomBuild>
    <CustomBuild Include="ReadMe.txt" />
  </ItemGroup>
  <ItemGroup>
    <Library Include="..\ZipArchive\Debug\ZipArchive.lib" />
  </ItemGroup>
</Project>