<?xml version="1.0" encoding="utf-8"?>
<Project ToolsVersion="4.0" xmlns="http://schemas.microsoft.com/developer/msbuild/2003">
  <ItemGroup>
    <Filter Include="Source Files">
      <UniqueIdentifier>{b66aa49e-d58e-42b8-9582-6559526ecd9f}</UniqueIdentifier>
      <Extensions>cpp;c;cxx;rc;def;r;odl;idl;hpj;bat</Extensions>
    </Filter>
    <Filter Include="Source Files\zlib_c">
      <UniqueIdentifier>{d62589bc-a8b3-468f-b61b-57e357503029}</UniqueIdentifier>
    </Filter>
    <Filter Include="Header Files">
      <UniqueIdentifier>{ca2ad073-470f-48d2-89b7-5f67409998a0}</UniqueIdentifier>
      <Extensions>h;hpp;hxx;hm;inl</Extensions>
    </Filter>
    <Filter Include="Header Files\zlib_h">
      <UniqueIdentifier>{045a76cd-e375-4f33-85a8-99a44b78c5c1}</UniqueIdentifier>
    </Filter>
    <Filter Include="Information">
      <UniqueIdentifier>{4337dbcb-608c-4278-9734-c57005248518}</UniqueIdentifier>
      <Extensions>txt</Extensions>
    </Filter>
  </ItemGroup>
  <ItemGroup>
    <ClCompile Include="zlib\adler32.c">
      <Filter>Source Files\zlib_c</Filter>
    </ClCompile>
    <ClCompile Include="zlib\compress.c">
      <Filter>Source Files\zlib_c</Filter>
    </ClCompile>
    <ClCompile Include="zlib\crc32.c">
      <Filter>Source Files\zlib_c</Filter>
    </ClCompile>
    <ClCompile Include="zlib\deflate.c">
      <Filter>Source Files\zlib_c</Filter>
    </ClCompile>
    <ClCompile Include="zlib\infback.c">
      <Filter>Source Files\zlib_c</Filter>
    </ClCompile>
    <ClCompile Include="zlib\inffast.c">
      <Filter>Source Files\zlib_c</Filter>
    </ClCompile>
    <ClCompile Include="zlib\inflate.c">
      <Filter>Source Files\zlib_c</Filter>
    </ClCompile>
    <ClCompile Include="zlib\inftrees.c">
      <Filter>Source Files\zlib_c</Filter>
    </ClCompile>
    <ClCompile Include="zlib\trees.c">
      <Filter>Source Files\zlib_c</Filter>
    </ClCompile>
    <ClCompile Include="zlib\uncompr.c">
      <Filter>Source Files\zlib_c</Filter>
    </ClCompile>
    <ClCompile Include="zlib\zutil.c">
      <Filter>Source Files\zlib_c</Filter>
    </ClCompile>
    <ClCompile Include="stdafx.cpp">
      <Filter>Source Files</Filter>
    </ClCompile>
    <ClCompile Include="ZipArchive.cpp">
      <Filter>Source Files</Filter>
    </ClCompile>
    <ClCompile Include="ZipAutoBuffer.cpp">
      <Filter>Source Files</Filter>
    </ClCompile>
    <ClCompile Include="ZipCentralDir.cpp">
      <Filter>Source Files</Filter>
    </ClCompile>
    <ClCompile Include="ZipCompatibility.cpp">
      <Filter>Source Files</Filter>
    </ClCompile>
    <ClCompile Include="ZipException.cpp">
      <Filter>Source Files</Filter>
    </ClCompile>
    <ClCompile Include="ZipFile.cpp">
      <Filter>Source Files</Filter>
    </ClCompile>
    <ClCompile Include="ZipFileHeader.cpp">
      <Filter>Source Files</Filter>
    </ClCompile>
    <ClCompile Include="ZipMemFile.cpp">
      <Filter>Source Files</Filter>
    </ClCompile>
    <ClCompile Include="ZipPathComponent.cpp">
      <Filter>Source Files</Filter>
    </ClCompile>
    <ClCompile Include="ZipPlatform.cpp">
      <Filter>Source Files</Filter>
    </ClCompile>
    <ClCompile Include="ZipPlatformComm.cpp">
      <Filter>Source Files</Filter>
    </ClCompile>
    <ClCompile Include="ZipStorage.cpp">
      <Filter>Source Files</Filter>
    </ClCompile>
    <ClCompile Include="ZipString.cpp">
      <Filter>Source Files</Filter>
    </ClCompile>
  </ItemGroup>
  <ItemGroup>
    <ClInclude Include="zlib\crc32.h">
      <Filter>Header Files\zlib_h</Filter>
    </ClInclude>
    <ClInclude Include="zlib\deflate.h">
      <Filter>Header Files\zlib_h</Filter>
    </ClInclude>
    <ClInclude Include="zlib\inffast.h">
      <Filter>Header Files\zlib_h</Filter>
    </ClInclude>
    <ClInclude Include="zlib\inffixed.h">
      <Filter>Header Files\zlib_h</Filter>
    </ClInclude>
    <ClInclude Include="zlib\inflate.h">
      <Filter>Header Files\zlib_h</Filter>
    </ClInclude>
    <ClInclude Include="zlib\inftrees.h">
      <Filter>Header Files\zlib_h</Filter>
    </ClInclude>
    <ClInclude Include="zlib\trees.h">
      <Filter>Header Files\zlib_h</Filter>
    </ClInclude>
    <ClInclude Include="zlib\zconf.h">
      <Filter>Header Files\zlib_h</Filter>
    </ClInclude>
    <ClInclude Include="zlib\zlib.h">
      <Filter>Header Files\zlib_h</Filter>
    </ClInclude>
    <ClInclude Include="zlib\zutil.h">
      <Filter>Header Files\zlib_h</Filter>
    </ClInclude>
    <ClInclude Include="stdafx.h">
      <Filter>Header Files</Filter>
    </ClInclude>
    <ClInclude Include="ZipAbstractFile.h">
      <Filter>Header Files</Filter>
    </ClInclude>
    <ClInclude Include="ZipArchive.h">
      <Filter>Header Files</Filter>
    </ClInclude>
    <ClInclude Include="ZipAutoBuffer.h">
      <Filter>Header Files</Filter>
    </ClInclude>
    <ClInclude Include="ZipBaseException.h">
      <Filter>Header Files</Filter>
    </ClInclude>
    <ClInclude Include="ZipCentralDir.h">
      <Filter>Header Files</Filter>
    </ClInclude>
    <ClInclude Include="ZipCollections.h">
      <Filter>Header Files</Filter>
    </ClInclude>
    <ClInclude Include="ZipCompatibility.h">
      <Filter>Header Files</Filter>
    </ClInclude>
    <ClInclude Include="ZipException.h">
      <Filter>Header Files</Filter>
    </ClInclude>
    <ClInclude Include="ZipExport.h">
      <Filter>Header Files</Filter>
    </ClInclude>
    <ClInclude Include="ZipFile.h">
      <Filter>Header Files</Filter>
    </ClInclude>
    <ClInclude Include="ZipFileHeader.h">
      <Filter>Header Files</Filter>
    </ClInclude>
    <ClInclude Include="ZipFileMapping.h">
      <Filter>Header Files</Filter>
    </ClInclude>
    <ClInclude Include="ZipMemFile.h">
      <Filter>Header Files</Filter>
    </ClInclude>
    <ClInclude Include="ZipPathComponent.h">
      <Filter>Header Files</Filter>
    </ClInclude>
    <ClInclude Include="ZipPlatform.h">
      <Filter>Header Files</Filter>
    </ClInclude>
    <ClInclude Include="ZipStorage.h">
      <Filter>Header Files</Filter>
    </ClInclude>
    <ClInclude Include="ZipString.h">
      <Filter>Header Files</Filter>
    </ClInclude>
  </ItemGroup>
  <ItemGroup>
    <CustomBuild Include="Appnote.txt">
      <Filter>Information</Filter>
    </CustomBuild>
    <CustomBuild Include="ChangeLog.txt">
      <Filter>Information</Filter>
    </CustomBuild>
    <CustomBuild Include="faq.txt">
      <Filter>Information</Filter>
    </CustomBuild>
    <CustomBuild Include="gpl.txt">
      <Filter>Information</Filter>
    </CustomBuild>
    <CustomBuild Include="License.txt">
      <Filter>Information</Filter>
    </CustomBuild>
    <CustomBuild Include="Readme.txt">
      <Filter>Information</Filter>
    </CustomBuild>
  </ItemGroup>
</Project>