<?xml version="1.0" encoding="utf-8"?>
<Project ToolsVersion="4.0" xmlns="http://schemas.microsoft.com/developer/msbuild/2003">
  <ItemGroup>
    <Filter Include="Source Files">
      <UniqueIdentifier>{64dd0ccf-c7fe-4a03-b751-261567c9248f}</UniqueIdentifier>
      <Extensions>cpp;c;cxx;rc;def;r;odl;idl;hpj;bat</Extensions>
    </Filter>
    <Filter Include="Header Files">
      <UniqueIdentifier>{78927583-1414-4ddb-910a-3215f9446ce6}</UniqueIdentifier>
      <Extensions>h;hpp;hxx;hm;inl</Extensions>
    </Filter>
    <Filter Include="Resource Files">
      <UniqueIdentifier>{7ae110f6-db2f-443f-a50b-58b0ee5ab9d2}</UniqueIdentifier>
      <Extensions>ico;cur;bmp;dlg;rc2;rct;bin;rgs;gif;jpg;jpeg;jpe</Extensions>
    </Filter>
  </ItemGroup>
  <ItemGroup>
    <ClCompile Include="..\eLearningCapture.jp\3DStatic.cpp">
      <Filter>Source Files</Filter>
    </ClCompile>
    <ClCompile Include="..\eLearningCapture.jp\audiocompressors1.cpp">
      <Filter>Source Files</Filter>
    </ClCompile>
    <ClCompile Include="..\eLearningCapture.jp\audiodevices1.cpp">
      <Filter>Source Files</Filter>
    </ClCompile>
    <ClCompile Include="..\eLearningCapture.jp\audioinputpins1.cpp">
      <Filter>Source Files</Filter>
    </ClCompile>
    <ClCompile Include="..\eLearning.jp\BmpApi.cpp">
      <Filter>Source Files</Filter>
    </ClCompile>
    <ClCompile Include="..\elearningCapture.jp\BmpApi.cpp">
      <Filter>Source Files</Filter>
    </ClCompile>
    <ClCompile Include="..\eLearning.jp\BmpBtn.cpp">
      <Filter>Source Files</Filter>
    </ClCompile>
    <ClCompile Include="..\eLearningCapture.jp\BMPCombo.cpp">
      <Filter>Source Files</Filter>
    </ClCompile>
    <ClCompile Include="..\eLearning.jp\BmpStatic.cpp">
      <Filter>Source Files</Filter>
    </ClCompile>
    <ClCompile Include="..\eLearningCapture.jp\cmkapi.cpp">
      <Filter>Source Files</Filter>
    </ClCompile>
    <ClCompile Include="..\eLearning.jp\ColGrid.cpp">
      <Filter>Source Files</Filter>
    </ClCompile>
    <ClCompile Include="..\eLearning.jp\ColorButton.cpp">
      <Filter>Source Files</Filter>
    </ClCompile>
    <ClCompile Include="..\eLearning.jp\ColourPopup.cpp">
      <Filter>Source Files</Filter>
    </ClCompile>
    <ClCompile Include="..\eLearningCapture.jp\CtrlPanelWnd.cpp">
      <Filter>Source Files</Filter>
    </ClCompile>
    <ClCompile Include="..\eLearningCapture.jp\DLG_COUNT_DOWN.cpp">
      <Filter>Source Files</Filter>
    </ClCompile>
    <ClCompile Include="..\eLearningCapture.jp\DlgCloseToDo.cpp">
      <Filter>Source Files</Filter>
    </ClCompile>
    <ClCompile Include="..\eLearningCapture.jp\DlgGotoSlide.cpp">
      <Filter>Source Files</Filter>
    </ClCompile>
    <ClCompile Include="..\eLearningCapture.jp\DlgPenProperty.cpp">
      <Filter>Source Files</Filter>
    </ClCompile>
    <ClCompile Include="..\eLearningCapture.jp\DlgVideoExist.cpp">
      <Filter>Source Files</Filter>
    </ClCompile>
    <ClCompile Include="..\eLearningCapture.jp\eLearningCapture.cpp">
      <Filter>Source Files</Filter>
    </ClCompile>
    <ClCompile Include="..\elearning.jp\FileApi.cpp">
      <Filter>Source Files</Filter>
    </ClCompile>
    <ClCompile Include="..\eLearningCapture.jp\Freedraw.cpp">
      <Filter>Source Files</Filter>
    </ClCompile>
    <ClCompile Include="..\eLearningCapture.jp\GCColorStatic.cpp">
      <Filter>Source Files</Filter>
    </ClCompile>
    <ClCompile Include="..\eLearningCapture.jp\GCCountdownCtrl.cpp">
      <Filter>Source Files</Filter>
    </ClCompile>
    <ClCompile Include="..\eLearning.jp\Grdapi.cpp">
      <Filter>Source Files</Filter>
    </ClCompile>
    <ClCompile Include="..\eLearning.jp\Gridctrl.cpp">
      <Filter>Source Files</Filter>
    </ClCompile>
    <ClCompile Include="..\eLearningCapture.jp\HelperFree.cpp">
      <Filter>Source Files</Filter>
    </ClCompile>
    <ClCompile Include="..\eLearning.jp\HtmlWnd.cpp">
      <Filter>Source Files</Filter>
    </ClCompile>
    <ClCompile Include="..\eLearningCapture.jp\MacProgressCtrl.cpp">
      <Filter>Source Files</Filter>
    </ClCompile>
    <ClCompile Include="..\eLearning.jp\NumberEdit.cpp">
      <Filter>Source Files</Filter>
    </ClCompile>
    <ClCompile Include="..\elearning.jp\PPT15Ctrl.cpp">
      <Filter>Source Files</Filter>
    </ClCompile>
    <ClCompile Include="..\eLearningCapture.jp\PreviewWnd.cpp">
      <Filter>Source Files</Filter>
    </ClCompile>
    <ClCompile Include="..\elearning.jp\Registry.cpp">
      <Filter>Source Files</Filter>
    </ClCompile>
    <ClCompile Include="..\elearning.jp\s_msppt15.cpp">
      <Filter>Source Files</Filter>
    </ClCompile>
    <ClCompile Include="..\eLearningCapture.jp\screen2video1.cpp">
      <Filter>Source Files</Filter>
    </ClCompile>
    <ClCompile Include="..\eLearningCapture.jp\SingleInstanceApp.cpp">
      <Filter>Source Files</Filter>
    </ClCompile>
    <ClCompile Include="..\eLearningCapture.jp\StdAfx.cpp">
      <Filter>Source Files</Filter>
    </ClCompile>
    <ClCompile Include="..\eLearning.jp\Uigrid.cpp">
      <Filter>Source Files</Filter>
    </ClCompile>
    <ClCompile Include="..\eLearningCapture.jp\videocompressors1.cpp">
      <Filter>Source Files</Filter>
    </ClCompile>
    <ClCompile Include="..\eLearningCapture.jp\VolumeBar.cpp">
      <Filter>Source Files</Filter>
    </ClCompile>
    <ClCompile Include="..\eLearningCapture.jp\VolumeBarTesterDlg.cpp">
      <Filter>Source Files</Filter>
    </ClCompile>
    <ClCompile Include="..\elearningCapture.jp\WaitDlgPic.cpp">
      <Filter>Source Files</Filter>
    </ClCompile>
    <ClCompile Include="..\eLearningCapture.jp\wmvprofiles1.cpp">
      <Filter>Source Files</Filter>
    </ClCompile>
  </ItemGroup>
  <ItemGroup>
    <ResourceCompile Include="eLearningCapture.rc">
      <Filter>Source Files</Filter>
    </ResourceCompile>
  </ItemGroup>
  <ItemGroup>
    <ClInclude Include="..\eLearningCapture.jp\3DStatic.h">
      <Filter>Header Files</Filter>
    </ClInclude>
    <ClInclude Include="..\eLearningCapture.jp\audiocompressors1.h">
      <Filter>Header Files</Filter>
    </ClInclude>
    <ClInclude Include="..\eLearningCapture.jp\audiodevices1.h">
      <Filter>Header Files</Filter>
    </ClInclude>
    <ClInclude Include="..\eLearningCapture.jp\audioinputpins1.h">
      <Filter>Header Files</Filter>
    </ClInclude>
    <ClInclude Include="..\eLearning.jp\BmpApi.h">
      <Filter>Header Files</Filter>
    </ClInclude>
    <ClInclude Include="..\elearningCapture.jp\BmpApi.h">
      <Filter>Header Files</Filter>
    </ClInclude>
    <ClInclude Include="..\eLearning.jp\BmpBtn.h">
      <Filter>Header Files</Filter>
    </ClInclude>
    <ClInclude Include="..\eLearningCapture.jp\BMPCombo.h">
      <Filter>Header Files</Filter>
    </ClInclude>
    <ClInclude Include="..\eLearning.jp\BmpStatic.h">
      <Filter>Header Files</Filter>
    </ClInclude>
    <ClInclude Include="..\eLearningCapture.jp\cmkapi.h">
      <Filter>Header Files</Filter>
    </ClInclude>
    <ClInclude Include="..\eLearning.jp\ColGrid.h">
      <Filter>Header Files</Filter>
    </ClInclude>
    <ClInclude Include="..\eLearning.jp\ColorButton.h">
      <Filter>Header Files</Filter>
    </ClInclude>
    <ClInclude Include="..\eLearning.jp\ColourPopup.h">
      <Filter>Header Files</Filter>
    </ClInclude>
    <ClInclude Include="..\eLearningCapture.jp\CtrlPanelWnd.h">
      <Filter>Header Files</Filter>
    </ClInclude>
    <ClInclude Include="..\eLearningCapture.jp\DLG_COUNT_DOWN.h">
      <Filter>Header Files</Filter>
    </ClInclude>
    <ClInclude Include="..\eLearningCapture.jp\DlgCloseToDo.h">
      <Filter>Header Files</Filter>
    </ClInclude>
    <ClInclude Include="..\eLearningCapture.jp\DlgGotoSlide.h">
      <Filter>Header Files</Filter>
    </ClInclude>
    <ClInclude Include="..\eLearningCapture.jp\DlgPenProperty.h">
      <Filter>Header Files</Filter>
    </ClInclude>
    <ClInclude Include="..\eLearningCapture.jp\DlgVideoExist.h">
      <Filter>Header Files</Filter>
    </ClInclude>
    <ClInclude Include="..\eLearningCapture.jp\eLearningCapture.h">
      <Filter>Header Files</Filter>
    </ClInclude>
    <ClInclude Include="..\elearning.jp\FileApi.h">
      <Filter>Header Files</Filter>
    </ClInclude>
    <ClInclude Include="..\eLearningCapture.jp\Freedraw.h">
      <Filter>Header Files</Filter>
    </ClInclude>
    <ClInclude Include="..\eLearningCapture.jp\GCColorStatic.h">
      <Filter>Header Files</Filter>
    </ClInclude>
    <ClInclude Include="..\eLearningCapture.jp\GCCountdownCtrl.h">
      <Filter>Header Files</Filter>
    </ClInclude>
    <ClInclude Include="..\eLearning.jp\Grdapi.h">
      <Filter>Header Files</Filter>
    </ClInclude>
    <ClInclude Include="..\eLearning.jp\GRIDCTRL.H">
      <Filter>Header Files</Filter>
    </ClInclude>
    <ClInclude Include="..\eLearningCapture.jp\HelperFree.h">
      <Filter>Header Files</Filter>
    </ClInclude>
    <ClInclude Include="..\eLearning.jp\HtmlWnd.h">
      <Filter>Header Files</Filter>
    </ClInclude>
    <ClInclude Include="..\elearningCapture.jp\JPGApi.h">
      <Filter>Header Files</Filter>
    </ClInclude>
    <ClInclude Include="..\eLearningCapture.jp\MacProgressCtrl.h">
      <Filter>Header Files</Filter>
    </ClInclude>
    <ClInclude Include="..\eLearningCapture.jp\MemDC.h">
      <Filter>Header Files</Filter>
    </ClInclude>
    <ClInclude Include="..\eLearning.jp\NumberEdit.h">
      <Filter>Header Files</Filter>
    </ClInclude>
    <ClInclude Include="..\elearning.jp\PPt15Ctrl.h">
      <Filter>Header Files</Filter>
    </ClInclude>
    <ClInclude Include="..\eLearningCapture.jp\PreviewWnd.h">
      <Filter>Header Files</Filter>
    </ClInclude>
    <ClInclude Include="..\eLearningCapture.jp\Resource.h">
      <Filter>Header Files</Filter>
    </ClInclude>
    <ClInclude Include="..\elearning.jp\s_msppt15.h">
      <Filter>Header Files</Filter>
    </ClInclude>
    <ClInclude Include="..\eLearningCapture.jp\screen2video1.h">
      <Filter>Header Files</Filter>
    </ClInclude>
    <ClInclude Include="..\eLearningCapture.jp\SingleInstanceApp.h">
      <Filter>Header Files</Filter>
    </ClInclude>
    <ClInclude Include="..\eLearningCapture.jp\StdAfx.h">
      <Filter>Header Files</Filter>
    </ClInclude>
    <ClInclude Include="..\eLearning.jp\Uigrid.h">
      <Filter>Header Files</Filter>
    </ClInclude>
    <ClInclude Include="..\eLearningCapture.jp\videocompressors1.h">
      <Filter>Header Files</Filter>
    </ClInclude>
    <ClInclude Include="..\eLearningCapture.jp\VolumeBar.h">
      <Filter>Header Files</Filter>
    </ClInclude>
    <ClInclude Include="..\eLearningCapture.jp\VolumeBarTesterDlg.h">
      <Filter>Header Files</Filter>
    </ClInclude>
    <ClInclude Include="..\elearningCapture.jp\WaitDlgPic.h">
      <Filter>Header Files</Filter>
    </ClInclude>
    <ClInclude Include="..\eLearningCapture.jp\wmvprofiles1.h">
      <Filter>Header Files</Filter>
    </ClInclude>
  </ItemGroup>
  <ItemGroup>
    <CustomBuild Include="res\a1.bmp">
      <Filter>Resource Files</Filter>
    </CustomBuild>
    <CustomBuild Include="res\a2.bmp">
      <Filter>Resource Files</Filter>
    </CustomBuild>
    <CustomBuild Include="res\a3.bmp">
      <Filter>Resource Files</Filter>
    </CustomBuild>
    <CustomBuild Include="res\a4.bmp">
      <Filter>Resource Files</Filter>
    </CustomBuild>
    <CustomBuild Include="res\a5.bmp">
      <Filter>Resource Files</Filter>
    </CustomBuild>
    <CustomBuild Include="res\a6.bmp">
      <Filter>Resource Files</Filter>
    </CustomBuild>
    <CustomBuild Include="res\a7.bmp">
      <Filter>Resource Files</Filter>
    </CustomBuild>
    <CustomBuild Include="res\a8.bmp">
      <Filter>Resource Files</Filter>
    </CustomBuild>
    <CustomBuild Include="res\a9.bmp">
      <Filter>Resource Files</Filter>
    </CustomBuild>
    <CustomBuild Include="res\b1.bmp">
      <Filter>Resource Files</Filter>
    </CustomBuild>
    <CustomBuild Include="res\b2.bmp">
      <Filter>Resource Files</Filter>
    </CustomBuild>
    <CustomBuild Include="res\bitmap1.bmp">
      <Filter>Resource Files</Filter>
    </CustomBuild>
    <CustomBuild Include="res\blue.bmp">
      <Filter>Resource Files</Filter>
    </CustomBuild>
    <CustomBuild Include="res\bmp00001.bmp">
      <Filter>Resource Files</Filter>
    </CustomBuild>
    <CustomBuild Include="res\bmp00002.bmp">
      <Filter>Resource Files</Filter>
    </CustomBuild>
    <CustomBuild Include="res\bmp00003.bmp">
      <Filter>Resource Files</Filter>
    </CustomBuild>
    <CustomBuild Include="res\bmp00004.bmp">
      <Filter>Resource Files</Filter>
    </CustomBuild>
    <CustomBuild Include="res\bmp00005.bmp">
      <Filter>Resource Files</Filter>
    </CustomBuild>
    <CustomBuild Include="res\bmp00006.bmp">
      <Filter>Resource Files</Filter>
    </CustomBuild>
    <CustomBuild Include="res\bmp00007.bmp">
      <Filter>Resource Files</Filter>
    </CustomBuild>
    <CustomBuild Include="res\c1.bmp">
      <Filter>Resource Files</Filter>
    </CustomBuild>
    <CustomBuild Include="res\c2.bmp">
      <Filter>Resource Files</Filter>
    </CustomBuild>
    <CustomBuild Include="res\c3.bmp">
      <Filter>Resource Files</Filter>
    </CustomBuild>
    <CustomBuild Include="res\c4.bmp">
      <Filter>Resource Files</Filter>
    </CustomBuild>
    <CustomBuild Include="res\c5.bmp">
      <Filter>Resource Files</Filter>
    </CustomBuild>
    <CustomBuild Include="res\check.bmp">
      <Filter>Resource Files</Filter>
    </CustomBuild>
    <CustomBuild Include="res\CURSOR1.CUR">
      <Filter>Resource Files</Filter>
    </CustomBuild>
    <CustomBuild Include="res\CURSOR_D.CUR">
      <Filter>Resource Files</Filter>
    </CustomBuild>
    <CustomBuild Include="res\d1.bmp">
      <Filter>Resource Files</Filter>
    </CustomBuild>
    <CustomBuild Include="res\d2.bmp">
      <Filter>Resource Files</Filter>
    </CustomBuild>
    <CustomBuild Include="res\d3.bmp">
      <Filter>Resource Files</Filter>
    </CustomBuild>
    <CustomBuild Include="res\d4.bmp">
      <Filter>Resource Files</Filter>
    </CustomBuild>
    <CustomBuild Include="res\dark_light.bmp">
      <Filter>Resource Files</Filter>
    </CustomBuild>
    <CustomBuild Include="res\demo1.bmp">
      <Filter>Resource Files</Filter>
    </CustomBuild>
    <CustomBuild Include="res\e1.bmp">
      <Filter>Resource Files</Filter>
    </CustomBuild>
    <CustomBuild Include="res\e2.bmp">
      <Filter>Resource Files</Filter>
    </CustomBuild>
    <CustomBuild Include="res\e3.bmp">
      <Filter>Resource Files</Filter>
    </CustomBuild>
    <CustomBuild Include="res\e4.bmp">
      <Filter>Resource Files</Filter>
    </CustomBuild>
    <CustomBuild Include="res\e5.bmp">
      <Filter>Resource Files</Filter>
    </CustomBuild>
    <CustomBuild Include="res\e6.bmp">
      <Filter>Resource Files</Filter>
    </CustomBuild>
    <CustomBuild Include="res\eLearningCapture.ico">
      <Filter>Resource Files</Filter>
    </CustomBuild>
    <CustomBuild Include="res\eLearningCapture.rc2">
      <Filter>Resource Files</Filter>
    </CustomBuild>
    <CustomBuild Include="res\eraser1.bmp">
      <Filter>Resource Files</Filter>
    </CustomBuild>
    <CustomBuild Include="res\erasor1.bmp">
      <Filter>Resource Files</Filter>
    </CustomBuild>
    <CustomBuild Include="res\f1.bmp">
      <Filter>Resource Files</Filter>
    </CustomBuild>
    <CustomBuild Include="res\f2.bmp">
      <Filter>Resource Files</Filter>
    </CustomBuild>
    <CustomBuild Include="res\f3.bmp">
      <Filter>Resource Files</Filter>
    </CustomBuild>
    <CustomBuild Include="res\f4.bmp">
      <Filter>Resource Files</Filter>
    </CustomBuild>
    <CustomBuild Include="res\f5.bmp">
      <Filter>Resource Files</Filter>
    </CustomBuild>
    <CustomBuild Include="res\f6.bmp">
      <Filter>Resource Files</Filter>
    </CustomBuild>
    <CustomBuild Include="res\f7.bmp">
      <Filter>Resource Files</Filter>
    </CustomBuild>
    <CustomBuild Include="res\f8.bmp">
      <Filter>Resource Files</Filter>
    </CustomBuild>
    <CustomBuild Include="res\first1.bmp">
      <Filter>Resource Files</Filter>
    </CustomBuild>
    <CustomBuild Include="res\g1.bmp">
      <Filter>Resource Files</Filter>
    </CustomBuild>
    <CustomBuild Include="res\g2.bmp">
      <Filter>Resource Files</Filter>
    </CustomBuild>
    <CustomBuild Include="res\g3.bmp">
      <Filter>Resource Files</Filter>
    </CustomBuild>
    <CustomBuild Include="res\g4.bmp">
      <Filter>Resource Files</Filter>
    </CustomBuild>
    <CustomBuild Include="res\g5.bmp">
      <Filter>Resource Files</Filter>
    </CustomBuild>
    <CustomBuild Include="res\g6.bmp">
      <Filter>Resource Files</Filter>
    </CustomBuild>
    <CustomBuild Include="res\green_light.bmp">
      <Filter>Resource Files</Filter>
    </CustomBuild>
    <CustomBuild Include="res\h1.bmp">
      <Filter>Resource Files</Filter>
    </CustomBuild>
    <CustomBuild Include="res\h2.bmp">
      <Filter>Resource Files</Filter>
    </CustomBuild>
    <CustomBuild Include="res\h3.bmp">
      <Filter>Resource Files</Filter>
    </CustomBuild>
    <CustomBuild Include="res\hand.cur">
      <Filter>Resource Files</Filter>
    </CustomBuild>
    <CustomBuild Include="res\i1.bmp">
      <Filter>Resource Files</Filter>
    </CustomBuild>
    <CustomBuild Include="res\i2.bmp">
      <Filter>Resource Files</Filter>
    </CustomBuild>
    <CustomBuild Include="res\i3.bmp">
      <Filter>Resource Files</Filter>
    </CustomBuild>
    <CustomBuild Include="res\icon1.ico">
      <Filter>Resource Files</Filter>
    </CustomBuild>
    <CustomBuild Include="res\last1.bmp">
      <Filter>Resource Files</Filter>
    </CustomBuild>
    <CustomBuild Include="res\line1.bmp">
      <Filter>Resource Files</Filter>
    </CustomBuild>
    <CustomBuild Include="res\next.bmp">
      <Filter>Resource Files</Filter>
    </CustomBuild>
    <CustomBuild Include="res\next1.bmp">
      <Filter>Resource Files</Filter>
    </CustomBuild>
    <CustomBuild Include="res\ng.bmp">
      <Filter>Resource Files</Filter>
    </CustomBuild>
    <CustomBuild Include="res\NOTE_DIS.BMP">
      <Filter>Resource Files</Filter>
    </CustomBuild>
    <CustomBuild Include="res\NOTE_EN.BMP">
      <Filter>Resource Files</Filter>
    </CustomBuild>
    <CustomBuild Include="res\orange.bmp">
      <Filter>Resource Files</Filter>
    </CustomBuild>
    <CustomBuild Include="res\orange_light.bmp">
      <Filter>Resource Files</Filter>
    </CustomBuild>
    <CustomBuild Include="res\p1.bmp">
      <Filter>Resource Files</Filter>
    </CustomBuild>
    <CustomBuild Include="res\p2.bmp">
      <Filter>Resource Files</Filter>
    </CustomBuild>
    <CustomBuild Include="res\p3.bmp">
      <Filter>Resource Files</Filter>
    </CustomBuild>
    <CustomBuild Include="res\p4.bmp">
      <Filter>Resource Files</Filter>
    </CustomBuild>
    <CustomBuild Include="res\p5.bmp">
      <Filter>Resource Files</Filter>
    </CustomBuild>
    <CustomBuild Include="res\p6.bmp">
      <Filter>Resource Files</Filter>
    </CustomBuild>
    <CustomBuild Include="res\p7.bmp">
      <Filter>Resource Files</Filter>
    </CustomBuild>
    <CustomBuild Include="res\p8.bmp">
      <Filter>Resource Files</Filter>
    </CustomBuild>
    <CustomBuild Include="res\pause1.bmp">
      <Filter>Resource Files</Filter>
    </CustomBuild>
    <CustomBuild Include="res\play.bmp">
      <Filter>Resource Files</Filter>
    </CustomBuild>
    <CustomBuild Include="res\play1.bmp">
      <Filter>Resource Files</Filter>
    </CustomBuild>
    <CustomBuild Include="res\play2.bmp">
      <Filter>Resource Files</Filter>
    </CustomBuild>
    <CustomBuild Include="res\play3.bmp">
      <Filter>Resource Files</Filter>
    </CustomBuild>
    <CustomBuild Include="res\play5.bmp">
      <Filter>Resource Files</Filter>
    </CustomBuild>
    <CustomBuild Include="res\prev.bmp">
      <Filter>Resource Files</Filter>
    </CustomBuild>
    <CustomBuild Include="res\prev1.bmp">
      <Filter>Resource Files</Filter>
    </CustomBuild>
    <CustomBuild Include="res\ptr_c10.bmp">
      <Filter>Resource Files</Filter>
    </CustomBuild>
    <CustomBuild Include="res\ptr_c6.bmp">
      <Filter>Resource Files</Filter>
    </CustomBuild>
    <CustomBuild Include="res\ptr_c7.bmp">
      <Filter>Resource Files</Filter>
    </CustomBuild>
    <CustomBuild Include="res\ptr_c8.bmp">
      <Filter>Resource Files</Filter>
    </CustomBuild>
    <CustomBuild Include="res\ptr_h4.bmp">
      <Filter>Resource Files</Filter>
    </CustomBuild>
    <CustomBuild Include="res\rec1.bmp">
      <Filter>Resource Files</Filter>
    </CustomBuild>
    <CustomBuild Include="res\rect1.bmp">
      <Filter>Resource Files</Filter>
    </CustomBuild>
    <CustomBuild Include="res\red.bmp">
      <Filter>Resource Files</Filter>
    </CustomBuild>
    <CustomBuild Include="res\red_light.bmp">
      <Filter>Resource Files</Filter>
    </CustomBuild>
    <CustomBuild Include="res\s1.bmp">
      <Filter>Resource Files</Filter>
    </CustomBuild>
    <CustomBuild Include="res\s2.bmp">
      <Filter>Resource Files</Filter>
    </CustomBuild>
    <CustomBuild Include="res\s3.bmp">
      <Filter>Resource Files</Filter>
    </CustomBuild>
    <CustomBuild Include="res\s4.bmp">
      <Filter>Resource Files</Filter>
    </CustomBuild>
    <CustomBuild Include="res\s5.bmp">
      <Filter>Resource Files</Filter>
    </CustomBuild>
    <CustomBuild Include="res\s6.bmp">
      <Filter>Resource Files</Filter>
    </CustomBuild>
    <CustomBuild Include="res\s7.bmp">
      <Filter>Resource Files</Filter>
    </CustomBuild>
    <CustomBuild Include="res\stop1.bmp">
      <Filter>Resource Files</Filter>
    </CustomBuild>
    <CustomBuild Include="res\UNKNOWN.BMP">
      <Filter>Resource Files</Filter>
    </CustomBuild>
    <CustomBuild Include="res\view.bmp">
      <Filter>Resource Files</Filter>
    </CustomBuild>
    <CustomBuild Include="res\view1.bmp">
      <Filter>Resource Files</Filter>
    </CustomBuild>
    <CustomBuild Include="res\yellow.bmp">
      <Filter>Resource Files</Filter>
    </CustomBuild>
    <CustomBuild Include="res\zoomin.bmp">
      <Filter>Resource Files</Filter>
    </CustomBuild>
    <CustomBuild Include="res\zoomout.bmp">
      <Filter>Resource Files</Filter>
    </CustomBuild>
    <CustomBuild Include="ReadMe.txt" />
  </ItemGroup>
  <ItemGroup>
    <None Include="res\arrow.bmp">
      <Filter>Resource Files</Filter>
    </None>
    <None Include="res\bitmap2.bmp">
      <Filter>Resource Files</Filter>
    </None>
    <None Include="res\Max2Min.bmp">
      <Filter>Resource Files</Filter>
    </None>
    <None Include="res\Min2Max.bmp">
      <Filter>Resource Files</Filter>
    </None>
  </ItemGroup>
</Project>