<?xml version="1.0" encoding="utf-8"?>
<Project ToolsVersion="4.0" xmlns="http://schemas.microsoft.com/developer/msbuild/2003">
  <ItemGroup>
    <Filter Include="Source Files">
      <UniqueIdentifier>{5ffc302f-81b1-4223-9472-39561adb68a3}</UniqueIdentifier>
      <Extensions>cpp;c;cxx;rc;def;r;odl;idl;hpj;bat</Extensions>
    </Filter>
    <Filter Include="Header Files">
      <UniqueIdentifier>{b998be2c-df29-4464-873c-1fb548ec7ffa}</UniqueIdentifier>
      <Extensions>h;hpp;hxx;hm;inl</Extensions>
    </Filter>
    <Filter Include="Resource Files">
      <UniqueIdentifier>{a552513b-40a4-4040-9421-6961d44c99d7}</UniqueIdentifier>
      <Extensions>ico;cur;bmp;dlg;rc2;rct;bin;rgs;gif;jpg;jpeg;jpe</Extensions>
    </Filter>
  </ItemGroup>
  <ItemGroup>
    <ClCompile Include="BasicCheckListBox.cpp">
      <Filter>Source Files</Filter>
    </ClCompile>
    <ClCompile Include="BasicSheet.cpp">
      <Filter>Source Files</Filter>
    </ClCompile>
    <ClCompile Include="BitmapMenu.cpp">
      <Filter>Source Files</Filter>
    </ClCompile>
    <ClCompile Include="BmpApi.cpp">
      <Filter>Source Files</Filter>
    </ClCompile>
    <ClCompile Include="BmpBtn.cpp">
      <Filter>Source Files</Filter>
    </ClCompile>
    <ClCompile Include="BmpStatic.cpp">
      <Filter>Source Files</Filter>
    </ClCompile>
    <ClCompile Include="CaptureDevApi.cpp">
      <Filter>Source Files</Filter>
    </ClCompile>
    <ClCompile Include="Cmkapi.cpp">
      <Filter>Source Files</Filter>
    </ClCompile>
    <ClCompile Include="ColGrid.cpp">
      <Filter>Source Files</Filter>
    </ClCompile>
    <ClCompile Include="ColorButton.cpp">
      <Filter>Source Files</Filter>
    </ClCompile>
    <ClCompile Include="ColorWnd.cpp">
      <Filter>Source Files</Filter>
    </ClCompile>
    <ClCompile Include="ColourPopup.cpp">
      <Filter>Source Files</Filter>
    </ClCompile>
    <ClCompile Include="DataBrowseWnd.cpp">
      <Filter>Source Files</Filter>
    </ClCompile>
    <ClCompile Include="DlgAbout.cpp">
      <Filter>Source Files</Filter>
    </ClCompile>
    <ClCompile Include="DlgAdjustVolAndVideo.cpp">
      <Filter>Source Files</Filter>
    </ClCompile>
    <ClCompile Include="DlgBackupCourse.cpp">
      <Filter>Source Files</Filter>
    </ClCompile>
    <ClCompile Include="DlgBackupMaintain.cpp">
      <Filter>Source Files</Filter>
    </ClCompile>
    <ClCompile Include="DlgBackupOneCourse.cpp">
      <Filter>Source Files</Filter>
    </ClCompile>
    <ClCompile Include="DlgCheckOut.cpp">
      <Filter>Source Files</Filter>
    </ClCompile>
    <ClCompile Include="DlgCourseDup.cpp">
      <Filter>Source Files</Filter>
    </ClCompile>
    <ClCompile Include="DlgDefaultProfileSet.cpp">
      <Filter>Source Files</Filter>
    </ClCompile>
    <ClCompile Include="DlgDevNotInstalled.cpp">
      <Filter>Source Files</Filter>
    </ClCompile>
    <ClCompile Include="DlgEditMark.cpp">
      <Filter>Source Files</Filter>
    </ClCompile>
    <ClCompile Include="DlgExportCourse.cpp">
      <Filter>Source Files</Filter>
    </ClCompile>
    <ClCompile Include="DlgGotoSlide.cpp">
      <Filter>Source Files</Filter>
    </ClCompile>
    <ClCompile Include="DlgImportCourse.cpp">
      <Filter>Source Files</Filter>
    </ClCompile>
    <ClCompile Include="DlgInputCaption.cpp">
      <Filter>Source Files</Filter>
    </ClCompile>
    <ClCompile Include="DlgInputCourse.cpp">
      <Filter>Source Files</Filter>
    </ClCompile>
    <ClCompile Include="DlgInputOutlookName.cpp">
      <Filter>Source Files</Filter>
    </ClCompile>
    <ClCompile Include="DlgInputProfileName.cpp">
      <Filter>Source Files</Filter>
    </ClCompile>
    <ClCompile Include="DlgNewCourse.cpp">
      <Filter>Source Files</Filter>
    </ClCompile>
    <ClCompile Include="DlgNewCourseFromMedia.cpp">
      <Filter>Source Files</Filter>
    </ClCompile>
    <ClCompile Include="DlgNoteEdit.cpp">
      <Filter>Source Files</Filter>
    </ClCompile>
    <ClCompile Include="DlgOpenCourse.cpp">
      <Filter>Source Files</Filter>
    </ClCompile>
    <ClCompile Include="DlgProgress.cpp">
      <Filter>Source Files</Filter>
    </ClCompile>
    <ClCompile Include="DlgRegister.cpp">
      <Filter>Source Files</Filter>
    </ClCompile>
    <ClCompile Include="DlgRestoreCourse.cpp">
      <Filter>Source Files</Filter>
    </ClCompile>
    <ClCompile Include="DlgScreenCapture.cpp">
      <Filter>Source Files</Filter>
    </ClCompile>
    <ClCompile Include="DlgScreenProfileSet.cpp">
      <Filter>Source Files</Filter>
    </ClCompile>
    <ClCompile Include="DlgSelDevice.cpp">
      <Filter>Source Files</Filter>
    </ClCompile>
    <ClCompile Include="DlgSelectCourse.cpp">
      <Filter>Source Files</Filter>
    </ClCompile>
    <ClCompile Include="DlgSelectCourseVolume.cpp">
      <Filter>Source Files</Filter>
    </ClCompile>
    <ClCompile Include="DlgSelectEffect.cpp">
      <Filter>Source Files</Filter>
    </ClCompile>
    <ClCompile Include="DlgSelHTMPresent.cpp">
      <Filter>Source Files</Filter>
    </ClCompile>
    <ClCompile Include="DlgSelVideoSrc.cpp">
      <Filter>Source Files</Filter>
    </ClCompile>
    <ClCompile Include="DlgTreeSelect.cpp">
      <Filter>Source Files</Filter>
    </ClCompile>
    <ClCompile Include="DlgUseQuota.cpp">
      <Filter>Source Files</Filter>
    </ClCompile>
    <ClCompile Include="DlgVersionOutOfDate.cpp">
      <Filter>Source Files</Filter>
    </ClCompile>
    <ClCompile Include="EditAllowed.cpp">
      <Filter>Source Files</Filter>
    </ClCompile>
    <ClCompile Include="EffectManageWnd.cpp">
      <Filter>Source Files</Filter>
    </ClCompile>
    <ClCompile Include="eLearning.cpp">
      <Filter>Source Files</Filter>
    </ClCompile>
    <ClCompile Include="eLearningAPI.cpp">
      <Filter>Source Files</Filter>
    </ClCompile>
    <ClCompile Include="eLearningDoc.cpp">
      <Filter>Source Files</Filter>
    </ClCompile>
    <ClCompile Include="eLearningView.cpp">
      <Filter>Source Files</Filter>
    </ClCompile>
    <ClCompile Include="EncodeApi.cpp">
      <Filter>Source Files</Filter>
    </ClCompile>
    <ClCompile Include="excel9_ctrl.cpp">
      <Filter>Source Files</Filter>
    </ClCompile>
    <ClCompile Include="FileApi.cpp">
      <Filter>Source Files</Filter>
    </ClCompile>
    <ClCompile Include="FileName.cpp">
      <Filter>Source Files</Filter>
    </ClCompile>
    <ClCompile Include="FontCombo.cpp">
      <Filter>Source Files</Filter>
    </ClCompile>
    <ClCompile Include="Grdapi.cpp">
      <Filter>Source Files</Filter>
    </ClCompile>
    <ClCompile Include="Gridctrl.cpp">
      <Filter>Source Files</Filter>
    </ClCompile>
    <ClCompile Include="HtmlWnd.cpp">
      <Filter>Source Files</Filter>
    </ClCompile>
    <ClCompile Include="ImageCell.cpp">
      <Filter>Source Files</Filter>
    </ClCompile>
    <ClCompile Include="ImageContainer.cpp">
      <Filter>Source Files</Filter>
    </ClCompile>
    <ClCompile Include="ImageCtrl.cpp">
      <Filter>Source Files</Filter>
    </ClCompile>
    <ClCompile Include="ImageSetContainer.cpp">
      <Filter>Source Files</Filter>
    </ClCompile>
    <ClCompile Include="JPGApi.cpp">
      <Filter>Source Files</Filter>
    </ClCompile>
    <ClCompile Include="KeyFramePanel.cpp">
      <Filter>Source Files</Filter>
    </ClCompile>
    <ClCompile Include="MacSliderCtrl.cpp">
      <Filter>Source Files</Filter>
    </ClCompile>
    <ClCompile Include="MainFrm.cpp">
      <Filter>Source Files</Filter>
    </ClCompile>
    <ClCompile Include="MasterDlg.cpp">
      <Filter>Source Files</Filter>
    </ClCompile>
    <ClCompile Include="MediaUtils.cpp">
      <Filter>Source Files</Filter>
    </ClCompile>
    <ClCompile Include="MovieWnd.cpp">
      <Filter>Source Files</Filter>
    </ClCompile>
    <ClCompile Include="NewWizDialog.cpp">
      <Filter>Source Files</Filter>
    </ClCompile>
    <ClCompile Include="NewWizPage.cpp">
      <Filter>Source Files</Filter>
    </ClCompile>
    <ClCompile Include="Noteedit.cpp">
      <Filter>Source Files</Filter>
    </ClCompile>
    <ClCompile Include="NumberEdit.cpp">
      <Filter>Source Files</Filter>
    </ClCompile>
    <ClCompile Include="office_ctrl.cpp">
      <Filter>Source Files</Filter>
    </ClCompile>
    <ClCompile Include="PageBackupDir.cpp">
      <Filter>Source Files</Filter>
    </ClCompile>
    <ClCompile Include="PageDefaultCaption.cpp">
      <Filter>Source Files</Filter>
    </ClCompile>
    <ClCompile Include="PageDefaultImage.cpp">
      <Filter>Source Files</Filter>
    </ClCompile>
    <ClCompile Include="PageDefaultLayout.cpp">
      <Filter>Source Files</Filter>
    </ClCompile>
    <ClCompile Include="PageDefaultOption.cpp">
      <Filter>Source Files</Filter>
    </ClCompile>
    <ClCompile Include="PageDefaultOutlook.cpp">
      <Filter>Source Files</Filter>
    </ClCompile>
    <ClCompile Include="PageInputName.cpp">
      <Filter>Source Files</Filter>
    </ClCompile>
    <ClCompile Include="PageMisc.cpp">
      <Filter>Source Files</Filter>
    </ClCompile>
    <ClCompile Include="PageMSrv.cpp">
      <Filter>Source Files</Filter>
    </ClCompile>
    <ClCompile Include="PageProfileSetting.cpp">
      <Filter>Source Files</Filter>
    </ClCompile>
    <ClCompile Include="PageRecordOption.cpp">
      <Filter>Source Files</Filter>
    </ClCompile>
    <ClCompile Include="PageScreenProfile.cpp">
      <Filter>Source Files</Filter>
    </ClCompile>
    <ClCompile Include="PageSelDevice.cpp">
      <Filter>Source Files</Filter>
    </ClCompile>
    <ClCompile Include="PageSelFreq.cpp">
      <Filter>Source Files</Filter>
    </ClCompile>
    <ClCompile Include="PageSelHTML.cpp">
      <Filter>Source Files</Filter>
    </ClCompile>
    <ClCompile Include="PageSelLayout.cpp">
      <Filter>Source Files</Filter>
    </ClCompile>
    <ClCompile Include="PageSelPPT.cpp">
      <Filter>Source Files</Filter>
    </ClCompile>
    <ClCompile Include="PageSelTV.cpp">
      <Filter>Source Files</Filter>
    </ClCompile>
    <ClCompile Include="PointerWnd.cpp">
      <Filter>Source Files</Filter>
    </ClCompile>
    <ClCompile Include="PPT10Ctrl.cpp">
      <Filter>Source Files</Filter>
    </ClCompile>
    <ClCompile Include="PPT15Ctrl.cpp">
      <Filter>Source Files</Filter>
    </ClCompile>
    <ClCompile Include="PPT9Ctrl.cpp">
      <Filter>Source Files</Filter>
    </ClCompile>
    <ClCompile Include="PPTPanel.cpp">
      <Filter>Source Files</Filter>
    </ClCompile>
    <ClCompile Include="PPTSyncWnd.cpp">
      <Filter>Source Files</Filter>
    </ClCompile>
    <ClCompile Include="PPTWnd.cpp">
      <Filter>Source Files</Filter>
    </ClCompile>
    <ClCompile Include="ProgressWnd.cpp">
      <Filter>Source Files</Filter>
    </ClCompile>
    <ClCompile Include="Registry.cpp">
      <Filter>Source Files</Filter>
    </ClCompile>
    <ClCompile Include="s_msppt10.cpp">
      <Filter>Source Files</Filter>
    </ClCompile>
    <ClCompile Include="s_msppt15.cpp">
      <Filter>Source Files</Filter>
    </ClCompile>
    <ClCompile Include="s_msppt9.cpp">
      <Filter>Source Files</Filter>
    </ClCompile>
    <ClCompile Include="SetupPage.cpp">
      <Filter>Source Files</Filter>
    </ClCompile>
    <ClCompile Include="SheetDefaultLayout.cpp">
      <Filter>Source Files</Filter>
    </ClCompile>
    <ClCompile Include="SheetOption.cpp">
      <Filter>Source Files</Filter>
    </ClCompile>
    <ClCompile Include="ShellPidl.cpp">
      <Filter>Source Files</Filter>
    </ClCompile>
    <ClCompile Include="ShellTree.cpp">
      <Filter>Source Files</Filter>
    </ClCompile>
    <ClCompile Include="SingleInstanceApp.cpp">
      <Filter>Source Files</Filter>
    </ClCompile>
    <ClCompile Include="SliderWnd.cpp">
      <Filter>Source Files</Filter>
    </ClCompile>
    <ClCompile Include="StdAfx.cpp">
      <Filter>Source Files</Filter>
    </ClCompile>
    <ClCompile Include="TextProgressCtrl.cpp">
      <Filter>Source Files</Filter>
    </ClCompile>
    <ClCompile Include="TimeLineCtrl.cpp">
      <Filter>Source Files</Filter>
    </ClCompile>
    <ClCompile Include="TimeLinePanel.cpp">
      <Filter>Source Files</Filter>
    </ClCompile>
    <ClCompile Include="TipWnd.cpp">
      <Filter>Source Files</Filter>
    </ClCompile>
    <ClCompile Include="ToolPaleteVideoEdit.cpp">
      <Filter>Source Files</Filter>
    </ClCompile>
    <ClCompile Include="ToolTipWnd.cpp">
      <Filter>Source Files</Filter>
    </ClCompile>
    <ClCompile Include="Uigrid.cpp">
      <Filter>Source Files</Filter>
    </ClCompile>
    <ClCompile Include="UndoRedoObj.cpp">
      <Filter>Source Files</Filter>
    </ClCompile>
    <ClCompile Include="VideoEffectWnd.cpp">
      <Filter>Source Files</Filter>
    </ClCompile>
    <ClCompile Include="VideoWnd.cpp">
      <Filter>Source Files</Filter>
    </ClCompile>
    <ClCompile Include="WebGrab.cpp">
      <Filter>Source Files</Filter>
    </ClCompile>
    <ClCompile Include="wndLogo.cpp">
      <Filter>Source Files</Filter>
    </ClCompile>
    <ClCompile Include="WndTimeRecord.cpp">
      <Filter>Source Files</Filter>
    </ClCompile>
    <ClCompile Include="WndToolBar.cpp">
      <Filter>Source Files</Filter>
    </ClCompile>
    <ClCompile Include="word9_ctrl.cpp">
      <Filter>Source Files</Filter>
    </ClCompile>
    <ClCompile Include="DataBrowseWnd1.cpp">
      <Filter>Source Files</Filter>
    </ClCompile>
    <ClCompile Include="Device.cpp">
      <Filter>Source Files</Filter>
    </ClCompile>
    <ClCompile Include="adapter.cpp">
      <Filter>Source Files</Filter>
    </ClCompile>
    <ClCompile Include="DlgCourseFolder.cpp">
      <Filter>Source Files</Filter>
    </ClCompile>
    <ClCompile Include="CourseSheetDefaultLayout.cpp">
      <Filter>Source Files</Filter>
    </ClCompile>
    <ClCompile Include="RelatedInformation.cpp">
      <Filter>Source Files</Filter>
    </ClCompile>
    <ClCompile Include="CourseLayout.cpp">
      <Filter>Source Files</Filter>
    </ClCompile>
    <ClCompile Include="AudioWnd.cpp">
      <Filter>Source Files</Filter>
    </ClCompile>
    <ClCompile Include="DrawWnd.cpp">
      <Filter>Source Files</Filter>
    </ClCompile>
    <ClCompile Include="DlgAuFixWarning.cpp">
      <Filter>Source Files</Filter>
    </ClCompile>
    <ClCompile Include="DlgAuFixSet.cpp">
      <Filter>Source Files</Filter>
    </ClCompile>
    <ClCompile Include="CaptionAll.cpp">
      <Filter>Source Files</Filter>
    </ClCompile>
    <ClCompile Include="DlgMP4Info.cpp">
      <Filter>Source Files</Filter>
    </ClCompile>
    <ClCompile Include="DlgMP4Rec.cpp">
      <Filter>Source Files</Filter>
    </ClCompile>
  </ItemGroup>
  <ItemGroup>
    <ResourceCompile Include="elearning.rc">
      <Filter>Source Files</Filter>
    </ResourceCompile>
    <ResourceCompile Include="elearning_express.rc">
      <Filter>Source Files</Filter>
    </ResourceCompile>
  </ItemGroup>
  <ItemGroup>
    <ClInclude Include="Resource.h">
      <Filter>Header Files</Filter>
    </ClInclude>
    <ClInclude Include="BasicCheckListBox.h">
      <Filter>Header Files</Filter>
    </ClInclude>
    <ClInclude Include="BasicSheet.h">
      <Filter>Header Files</Filter>
    </ClInclude>
    <ClInclude Include="BitmapMenu.h">
      <Filter>Header Files</Filter>
    </ClInclude>
    <ClInclude Include="BmpApi.h">
      <Filter>Header Files</Filter>
    </ClInclude>
    <ClInclude Include="BmpBtn.h">
      <Filter>Header Files</Filter>
    </ClInclude>
    <ClInclude Include="BmpStatic.h">
      <Filter>Header Files</Filter>
    </ClInclude>
    <ClInclude Include="CaptureDevApi.h">
      <Filter>Header Files</Filter>
    </ClInclude>
    <ClInclude Include="Cmkapi.h">
      <Filter>Header Files</Filter>
    </ClInclude>
    <ClInclude Include="ColGrid.h">
      <Filter>Header Files</Filter>
    </ClInclude>
    <ClInclude Include="ColorButton.h">
      <Filter>Header Files</Filter>
    </ClInclude>
    <ClInclude Include="ColorWnd.h">
      <Filter>Header Files</Filter>
    </ClInclude>
    <ClInclude Include="ColourPopup.h">
      <Filter>Header Files</Filter>
    </ClInclude>
    <ClInclude Include="DataBrowseWnd.h">
      <Filter>Header Files</Filter>
    </ClInclude>
    <ClInclude Include="DlgAbout.h">
      <Filter>Header Files</Filter>
    </ClInclude>
    <ClInclude Include="DlgAdjustVolAndVideo.h">
      <Filter>Header Files</Filter>
    </ClInclude>
    <ClInclude Include="DlgBackupCourse.h">
      <Filter>Header Files</Filter>
    </ClInclude>
    <ClInclude Include="DlgBackupMaintain.h">
      <Filter>Header Files</Filter>
    </ClInclude>
    <ClInclude Include="DlgBackupOneCourse.h">
      <Filter>Header Files</Filter>
    </ClInclude>
    <ClInclude Include="DlgCheckOut.h">
      <Filter>Header Files</Filter>
    </ClInclude>
    <ClInclude Include="DlgCourseDup.h">
      <Filter>Header Files</Filter>
    </ClInclude>
    <ClInclude Include="DlgDefaultProfileSet.h">
      <Filter>Header Files</Filter>
    </ClInclude>
    <ClInclude Include="DlgDevNotInstalled.h">
      <Filter>Header Files</Filter>
    </ClInclude>
    <ClInclude Include="DlgEditMark.h">
      <Filter>Header Files</Filter>
    </ClInclude>
    <ClInclude Include="DlgExportCourse.h">
      <Filter>Header Files</Filter>
    </ClInclude>
    <ClInclude Include="DlgGotoSlide.h">
      <Filter>Header Files</Filter>
    </ClInclude>
    <ClInclude Include="DlgImportCourse.h">
      <Filter>Header Files</Filter>
    </ClInclude>
    <ClInclude Include="DlgInputCaption.h">
      <Filter>Header Files</Filter>
    </ClInclude>
    <ClInclude Include="DlgInputCourse.h">
      <Filter>Header Files</Filter>
    </ClInclude>
    <ClInclude Include="DlgInputOutlookName.h">
      <Filter>Header Files</Filter>
    </ClInclude>
    <ClInclude Include="DlgInputProfileName.h">
      <Filter>Header Files</Filter>
    </ClInclude>
    <ClInclude Include="DlgNewCourse.h">
      <Filter>Header Files</Filter>
    </ClInclude>
    <ClInclude Include="DlgNewCourseFromMedia.h">
      <Filter>Header Files</Filter>
    </ClInclude>
    <ClInclude Include="DlgNoteEdit.h">
      <Filter>Header Files</Filter>
    </ClInclude>
    <ClInclude Include="DlgOpenCourse.h">
      <Filter>Header Files</Filter>
    </ClInclude>
    <ClInclude Include="DlgProgress.h">
      <Filter>Header Files</Filter>
    </ClInclude>
    <ClInclude Include="DlgRegister.h">
      <Filter>Header Files</Filter>
    </ClInclude>
    <ClInclude Include="DlgRestoreCourse.h">
      <Filter>Header Files</Filter>
    </ClInclude>
    <ClInclude Include="DlgScreenCapture.h">
      <Filter>Header Files</Filter>
    </ClInclude>
    <ClInclude Include="DlgScreenProfileSet.h">
      <Filter>Header Files</Filter>
    </ClInclude>
    <ClInclude Include="DlgSelDevice.h">
      <Filter>Header Files</Filter>
    </ClInclude>
    <ClInclude Include="DlgSelectCourse.h">
      <Filter>Header Files</Filter>
    </ClInclude>
    <ClInclude Include="DlgSelectCourseVolume.h">
      <Filter>Header Files</Filter>
    </ClInclude>
    <ClInclude Include="DlgSelectEffect.h">
      <Filter>Header Files</Filter>
    </ClInclude>
    <ClInclude Include="DlgSelHTMPresent.h">
      <Filter>Header Files</Filter>
    </ClInclude>
    <ClInclude Include="DlgSelVideoSrc.h">
      <Filter>Header Files</Filter>
    </ClInclude>
    <ClInclude Include="DlgTreeSelect.h">
      <Filter>Header Files</Filter>
    </ClInclude>
    <ClInclude Include="DlgUseQuota.h">
      <Filter>Header Files</Filter>
    </ClInclude>
    <ClInclude Include="DlgVersionOutOfDate.h">
      <Filter>Header Files</Filter>
    </ClInclude>
    <ClInclude Include="EditAllowed.h">
      <Filter>Header Files</Filter>
    </ClInclude>
    <ClInclude Include="EffectManageWnd.h">
      <Filter>Header Files</Filter>
    </ClInclude>
    <ClInclude Include="eLearning.h">
      <Filter>Header Files</Filter>
    </ClInclude>
    <ClInclude Include="eLearningAPI.h">
      <Filter>Header Files</Filter>
    </ClInclude>
    <ClInclude Include="eLearningDoc.h">
      <Filter>Header Files</Filter>
    </ClInclude>
    <ClInclude Include="eLearningView.h">
      <Filter>Header Files</Filter>
    </ClInclude>
    <ClInclude Include="EncodeApi.h">
      <Filter>Header Files</Filter>
    </ClInclude>
    <ClInclude Include="excel9_ctrl.h">
      <Filter>Header Files</Filter>
    </ClInclude>
    <ClInclude Include="FileApi.h">
      <Filter>Header Files</Filter>
    </ClInclude>
    <ClInclude Include="FileName.h">
      <Filter>Header Files</Filter>
    </ClInclude>
    <ClInclude Include="FontCombo.h">
      <Filter>Header Files</Filter>
    </ClInclude>
    <ClInclude Include="Grdapi.h">
      <Filter>Header Files</Filter>
    </ClInclude>
    <ClInclude Include="GRIDCTRL.H">
      <Filter>Header Files</Filter>
    </ClInclude>
    <ClInclude Include="HardwarePage.h">
      <Filter>Header Files</Filter>
    </ClInclude>
    <ClInclude Include="HtmlWnd.h">
      <Filter>Header Files</Filter>
    </ClInclude>
    <ClInclude Include="ImageCell.h">
      <Filter>Header Files</Filter>
    </ClInclude>
    <ClInclude Include="ImageContainer.h">
      <Filter>Header Files</Filter>
    </ClInclude>
    <ClInclude Include="ImageCtrl.h">
      <Filter>Header Files</Filter>
    </ClInclude>
    <ClInclude Include="ImageSetContainer.h">
      <Filter>Header Files</Filter>
    </ClInclude>
    <ClInclude Include="JPGApi.h">
      <Filter>Header Files</Filter>
    </ClInclude>
    <ClInclude Include="KeyFramePanel.h">
      <Filter>Header Files</Filter>
    </ClInclude>
    <ClInclude Include="LockServer.h">
      <Filter>Header Files</Filter>
    </ClInclude>
    <ClInclude Include="Macro.h">
      <Filter>Header Files</Filter>
    </ClInclude>
    <ClInclude Include="MacSliderCtrl.h">
      <Filter>Header Files</Filter>
    </ClInclude>
    <ClInclude Include="MainFrm.h">
      <Filter>Header Files</Filter>
    </ClInclude>
    <ClInclude Include="MasterDlg.h">
      <Filter>Header Files</Filter>
    </ClInclude>
    <ClInclude Include="MediaUtils.h">
      <Filter>Header Files</Filter>
    </ClInclude>
    <ClInclude Include="MemDC.h">
      <Filter>Header Files</Filter>
    </ClInclude>
    <ClInclude Include="MovieWnd.h">
      <Filter>Header Files</Filter>
    </ClInclude>
    <ClInclude Include="mso9.h">
      <Filter>Header Files</Filter>
    </ClInclude>
    <ClInclude Include="msppt10.h">
      <Filter>Header Files</Filter>
    </ClInclude>
    <ClInclude Include="msppt9.h">
      <Filter>Header Files</Filter>
    </ClInclude>
    <ClInclude Include="NewWizDialog.h">
      <Filter>Header Files</Filter>
    </ClInclude>
    <ClInclude Include="NewWizPage.h">
      <Filter>Header Files</Filter>
    </ClInclude>
    <ClInclude Include="NOTEEDIT.H">
      <Filter>Header Files</Filter>
    </ClInclude>
    <ClInclude Include="NumberEdit.h">
      <Filter>Header Files</Filter>
    </ClInclude>
    <ClInclude Include="office_ctrl.h">
      <Filter>Header Files</Filter>
    </ClInclude>
    <ClInclude Include="PageBackupDir.h">
      <Filter>Header Files</Filter>
    </ClInclude>
    <ClInclude Include="PageDefaultCaption.h">
      <Filter>Header Files</Filter>
    </ClInclude>
    <ClInclude Include="PageDefaultImage.h">
      <Filter>Header Files</Filter>
    </ClInclude>
    <ClInclude Include="PageDefaultLayout.h">
      <Filter>Header Files</Filter>
    </ClInclude>
    <ClInclude Include="PageDefaultOption.h">
      <Filter>Header Files</Filter>
    </ClInclude>
    <ClInclude Include="PageDefaultOutlook.h">
      <Filter>Header Files</Filter>
    </ClInclude>
    <ClInclude Include="PageInputName.h">
      <Filter>Header Files</Filter>
    </ClInclude>
    <ClInclude Include="PageMisc.h">
      <Filter>Header Files</Filter>
    </ClInclude>
    <ClInclude Include="PageMSrv.h">
      <Filter>Header Files</Filter>
    </ClInclude>
    <ClInclude Include="PageProfileSetting.h">
      <Filter>Header Files</Filter>
    </ClInclude>
    <ClInclude Include="PageRecordOption.h">
      <Filter>Header Files</Filter>
    </ClInclude>
    <ClInclude Include="PageScreenProfile.h">
      <Filter>Header Files</Filter>
    </ClInclude>
    <ClInclude Include="PageSelDevice.h">
      <Filter>Header Files</Filter>
    </ClInclude>
    <ClInclude Include="PageSelFreq.h">
      <Filter>Header Files</Filter>
    </ClInclude>
    <ClInclude Include="PageSelHTML.h">
      <Filter>Header Files</Filter>
    </ClInclude>
    <ClInclude Include="PageSelPPT.h">
      <Filter>Header Files</Filter>
    </ClInclude>
    <ClInclude Include="PointerWnd.h">
      <Filter>Header Files</Filter>
    </ClInclude>
    <ClInclude Include="PPt10Ctrl.h">
      <Filter>Header Files</Filter>
    </ClInclude>
    <ClInclude Include="PPt15Ctrl.h">
      <Filter>Header Files</Filter>
    </ClInclude>
    <ClInclude Include="PPt9Ctrl.h">
      <Filter>Header Files</Filter>
    </ClInclude>
    <ClInclude Include="PPTEventSink.h">
      <Filter>Header Files</Filter>
    </ClInclude>
    <ClInclude Include="PPTPanel.h">
      <Filter>Header Files</Filter>
    </ClInclude>
    <ClInclude Include="PPTSyncWnd.h">
      <Filter>Header Files</Filter>
    </ClInclude>
    <ClInclude Include="PPTWnd.h">
      <Filter>Header Files</Filter>
    </ClInclude>
    <ClInclude Include="PrinterPage.h">
      <Filter>Header Files</Filter>
    </ClInclude>
    <ClInclude Include="ProgressWnd.h">
      <Filter>Header Files</Filter>
    </ClInclude>
    <ClInclude Include="Registry.h">
      <Filter>Header Files</Filter>
    </ClInclude>
    <ClInclude Include="DataBrowseWnd1.h">
      <Filter>Header Files</Filter>
    </ClInclude>
    <ClInclude Include="s_msppt10.h">
      <Filter>Header Files</Filter>
    </ClInclude>
    <ClInclude Include="s_msppt15.h">
      <Filter>Header Files</Filter>
    </ClInclude>
    <ClInclude Include="s_msppt9.h">
      <Filter>Header Files</Filter>
    </ClInclude>
    <ClInclude Include="SetupPage.h">
      <Filter>Header Files</Filter>
    </ClInclude>
    <ClInclude Include="SheetDefaultLayout.h">
      <Filter>Header Files</Filter>
    </ClInclude>
    <ClInclude Include="SheetOption.h">
      <Filter>Header Files</Filter>
    </ClInclude>
    <ClInclude Include="ShellPidl.h">
      <Filter>Header Files</Filter>
    </ClInclude>
    <ClInclude Include="ShellTree.h">
      <Filter>Header Files</Filter>
    </ClInclude>
    <ClInclude Include="SingleInstanceApp.h">
      <Filter>Header Files</Filter>
    </ClInclude>
    <ClInclude Include="SliderWnd.h">
      <Filter>Header Files</Filter>
    </ClInclude>
    <ClInclude Include="StdAfx.h">
      <Filter>Header Files</Filter>
    </ClInclude>
    <ClInclude Include="TextProgressCtrl.h">
      <Filter>Header Files</Filter>
    </ClInclude>
    <ClInclude Include="TimeLineCtrl.h">
      <Filter>Header Files</Filter>
    </ClInclude>
    <ClInclude Include="TimeLinePanel.h">
      <Filter>Header Files</Filter>
    </ClInclude>
    <ClInclude Include="TipWnd.h">
      <Filter>Header Files</Filter>
    </ClInclude>
    <ClInclude Include="ToolPaleteVideoEdit.h">
      <Filter>Header Files</Filter>
    </ClInclude>
    <ClInclude Include="ToolTipWnd.h">
      <Filter>Header Files</Filter>
    </ClInclude>
    <ClInclude Include="Uigrid.h">
      <Filter>Header Files</Filter>
    </ClInclude>
    <ClInclude Include="UndoRedoObj.h">
      <Filter>Header Files</Filter>
    </ClInclude>
    <ClInclude Include="VideoEffectWnd.h">
      <Filter>Header Files</Filter>
    </ClInclude>
    <ClInclude Include="VideoWnd.h">
      <Filter>Header Files</Filter>
    </ClInclude>
    <ClInclude Include="WebGrab.h">
      <Filter>Header Files</Filter>
    </ClInclude>
    <ClInclude Include="wndLogo.h">
      <Filter>Header Files</Filter>
    </ClInclude>
    <ClInclude Include="WndTimeRecord.h">
      <Filter>Header Files</Filter>
    </ClInclude>
    <ClInclude Include="WndToolBar.h">
      <Filter>Header Files</Filter>
    </ClInclude>
    <ClInclude Include="word9_ctrl.h">
      <Filter>Header Files</Filter>
    </ClInclude>
    <ClInclude Include="Device.h">
      <Filter>Header Files</Filter>
    </ClInclude>
    <ClInclude Include="adapter.h">
      <Filter>Header Files</Filter>
    </ClInclude>
    <ClInclude Include="CourseSheetDefaultLayout.h">
      <Filter>Header Files</Filter>
    </ClInclude>
    <ClInclude Include="RelatedInformation.h">
      <Filter>Header Files</Filter>
    </ClInclude>
    <ClInclude Include="CourseLayout.h">
      <Filter>Header Files</Filter>
    </ClInclude>
    <ClInclude Include="AudioWnd.h">
      <Filter>Header Files</Filter>
    </ClInclude>
    <ClInclude Include="DrawWnd.h">
      <Filter>Header Files</Filter>
    </ClInclude>
    <ClInclude Include="DlgAuFixWarning.h">
      <Filter>Header Files</Filter>
    </ClInclude>
    <ClInclude Include="DlgAuFixSet.h">
      <Filter>Header Files</Filter>
    </ClInclude>
    <ClInclude Include="CaptionAll.h">
      <Filter>Header Files</Filter>
    </ClInclude>
    <ClInclude Include="DlgMP4Info.h">
      <Filter>Header Files</Filter>
    </ClInclude>
    <ClInclude Include="DlgMP4Rec.h">
      <Filter>Header Files</Filter>
    </ClInclude>
  </ItemGroup>
  <ItemGroup>
    <CustomBuild Include="res\add_cp.bmp">
      <Filter>Resource Files</Filter>
    </CustomBuild>
    <CustomBuild Include="res\add_demo.bmp">
      <Filter>Resource Files</Filter>
    </CustomBuild>
    <CustomBuild Include="res\add_even.bmp">
      <Filter>Resource Files</Filter>
    </CustomBuild>
    <CustomBuild Include="res\add_prac.bmp">
      <Filter>Resource Files</Filter>
    </CustomBuild>
    <CustomBuild Include="res\add_prec.bmp">
      <Filter>Resource Files</Filter>
    </CustomBuild>
    <CustomBuild Include="res\add_wave.bmp">
      <Filter>Resource Files</Filter>
    </CustomBuild>
    <CustomBuild Include="res\avi1.bin">
      <Filter>Resource Files</Filter>
    </CustomBuild>
    <CustomBuild Include="res\bitmap1.bmp">
      <Filter>Resource Files</Filter>
    </CustomBuild>
    <CustomBuild Include="res\BKey.bmp">
      <Filter>Resource Files</Filter>
    </CustomBuild>
    <CustomBuild Include="res\BlueKeyFrame.bmp">
      <Filter>Resource Files</Filter>
    </CustomBuild>
    <CustomBuild Include="res\bmp00001.bmp">
      <Filter>Resource Files</Filter>
    </CustomBuild>
    <CustomBuild Include="res\bmp00002.bmp">
      <Filter>Resource Files</Filter>
    </CustomBuild>
    <CustomBuild Include="res\bmp00003.bmp">
      <Filter>Resource Files</Filter>
    </CustomBuild>
    <CustomBuild Include="res\bmp00004.bmp">
      <Filter>Resource Files</Filter>
    </CustomBuild>
    <CustomBuild Include="res\bmp00005.bmp">
      <Filter>Resource Files</Filter>
    </CustomBuild>
    <CustomBuild Include="res\bmp00006.bmp">
      <Filter>Resource Files</Filter>
    </CustomBuild>
    <CustomBuild Include="res\bmp00007.bmp">
      <Filter>Resource Files</Filter>
    </CustomBuild>
    <CustomBuild Include="res\bmp00008.bmp">
      <Filter>Resource Files</Filter>
    </CustomBuild>
    <CustomBuild Include="res\bold1.bmp">
      <Filter>Resource Files</Filter>
    </CustomBuild>
    <CustomBuild Include="res\Bottom.bmp">
      <Filter>Resource Files</Filter>
    </CustomBuild>
    <CustomBuild Include="res\btnChangePPT.bmp">
      <Filter>Resource Files</Filter>
    </CustomBuild>
    <CustomBuild Include="res\btnEditPPT.bmp">
      <Filter>Resource Files</Filter>
    </CustomBuild>
    <CustomBuild Include="res\btnRegenPPT.bmp">
      <Filter>Resource Files</Filter>
    </CustomBuild>
    <CustomBuild Include="res\capturevideo.bmp">
      <Filter>Resource Files</Filter>
    </CustomBuild>
    <CustomBuild Include="res\coldtoolbar.bmp">
      <Filter>Resource Files</Filter>
    </CustomBuild>
    <CustomBuild Include="res\cur00001.cur">
      <Filter>Resource Files</Filter>
    </CustomBuild>
    <CustomBuild Include="res\cur00002.cur">
      <Filter>Resource Files</Filter>
    </CustomBuild>
    <CustomBuild Include="res\Cursor1.cur">
      <Filter>Resource Files</Filter>
    </CustomBuild>
    <CustomBuild Include="res\Cursor_d.cur">
      <Filter>Resource Files</Filter>
    </CustomBuild>
    <CustomBuild Include="res\cut_stat.bmp">
      <Filter>Resource Files</Filter>
    </CustomBuild>
    <CustomBuild Include="res\Delete.bmp">
      <Filter>Resource Files</Filter>
    </CustomBuild>
    <CustomBuild Include="res\demo1.bmp">
      <Filter>Resource Files</Filter>
    </CustomBuild>
    <CustomBuild Include="res\demo_icon.bmp">
      <Filter>Resource Files</Filter>
    </CustomBuild>
    <CustomBuild Include="res\drawmark.bmp">
      <Filter>Resource Files</Filter>
    </CustomBuild>
    <CustomBuild Include="res\Edit.bmp">
      <Filter>Resource Files</Filter>
    </CustomBuild>
    <CustomBuild Include="res\edit1.bmp">
      <Filter>Resource Files</Filter>
    </CustomBuild>
    <CustomBuild Include="res\eLearning.ico">
      <Filter>Resource Files</Filter>
    </CustomBuild>
    <CustomBuild Include="res\eLearning.rc2">
      <Filter>Resource Files</Filter>
    </CustomBuild>
    <CustomBuild Include="res\eLearningDoc.ico">
      <Filter>Resource Files</Filter>
    </CustomBuild>
    <CustomBuild Include="res\first.bmp">
      <Filter>Resource Files</Filter>
    </CustomBuild>
    <CustomBuild Include="res\GKey.bmp">
      <Filter>Resource Files</Filter>
    </CustomBuild>
    <CustomBuild Include="res\Go.bmp">
      <Filter>Resource Files</Filter>
    </CustomBuild>
    <CustomBuild Include="res\GreenKeyFrame.bmp">
      <Filter>Resource Files</Filter>
    </CustomBuild>
    <CustomBuild Include="res\hand.cur">
      <Filter>Resource Files</Filter>
    </CustomBuild>
    <CustomBuild Include="res\hottoolbar.bmp">
      <Filter>Resource Files</Filter>
    </CustomBuild>
    <CustomBuild Include="res\insert.bmp">
      <Filter>Resource Files</Filter>
    </CustomBuild>
    <CustomBuild Include="res\KeyFrame.bmp">
      <Filter>Resource Files</Filter>
    </CustomBuild>
    <CustomBuild Include="res\Left.bmp">
      <Filter>Resource Files</Filter>
    </CustomBuild>
    <CustomBuild Include="res\LeftBottom.bmp">
      <Filter>Resource Files</Filter>
    </CustomBuild>
    <CustomBuild Include="res\LeftUp.bmp">
      <Filter>Resource Files</Filter>
    </CustomBuild>
    <CustomBuild Include="res\Mark.bmp">
      <Filter>Resource Files</Filter>
    </CustomBuild>
    <CustomBuild Include="res\mark1.bmp">
      <Filter>Resource Files</Filter>
    </CustomBuild>
    <CustomBuild Include="res\mcg.bmp">
      <Filter>Resource Files</Filter>
    </CustomBuild>
    <CustomBuild Include="res\mix_wave.bmp">
      <Filter>Resource Files</Filter>
    </CustomBuild>
    <CustomBuild Include="res\next.bmp">
      <Filter>Resource Files</Filter>
    </CustomBuild>
    <CustomBuild Include="res\next1.bmp">
      <Filter>Resource Files</Filter>
    </CustomBuild>
    <CustomBuild Include="res\next_Change.bmp">
      <Filter>Resource Files</Filter>
    </CustomBuild>
    <CustomBuild Include="res\Next_Page.bmp">
      <Filter>Resource Files</Filter>
    </CustomBuild>
    <CustomBuild Include="res\Next_Pos.bmp">
      <Filter>Resource Files</Filter>
    </CustomBuild>
    <CustomBuild Include="res\NextPos.bmp">
      <Filter>Resource Files</Filter>
    </CustomBuild>
    <CustomBuild Include="res\Note_dis.bmp">
      <Filter>Resource Files</Filter>
    </CustomBuild>
    <CustomBuild Include="res\Note_en.bmp">
      <Filter>Resource Files</Filter>
    </CustomBuild>
    <CustomBuild Include="res\Open.bmp">
      <Filter>Resource Files</Filter>
    </CustomBuild>
    <CustomBuild Include="res\open2.bmp">
      <Filter>Resource Files</Filter>
    </CustomBuild>
    <CustomBuild Include="res\pat.bmp">
      <Filter>Resource Files</Filter>
    </CustomBuild>
    <CustomBuild Include="res\pausevideo.bmp">
      <Filter>Resource Files</Filter>
    </CustomBuild>
    <CustomBuild Include="res\pen1.bmp">
      <Filter>Resource Files</Filter>
    </CustomBuild>
    <CustomBuild Include="res\play.bmp">
      <Filter>Resource Files</Filter>
    </CustomBuild>
    <CustomBuild Include="res\play1.bmp">
      <Filter>Resource Files</Filter>
    </CustomBuild>
    <CustomBuild Include="res\play2.bmp">
      <Filter>Resource Files</Filter>
    </CustomBuild>
    <CustomBuild Include="res\play3.bmp">
      <Filter>Resource Files</Filter>
    </CustomBuild>
    <CustomBuild Include="res\play5.bmp">
      <Filter>Resource Files</Filter>
    </CustomBuild>
    <CustomBuild Include="res\playvideo.bmp">
      <Filter>Resource Files</Filter>
    </CustomBuild>
    <CustomBuild Include="res\pointer1.bmp">
      <Filter>Resource Files</Filter>
    </CustomBuild>
    <CustomBuild Include="res\PosPointer.bmp">
      <Filter>Resource Files</Filter>
    </CustomBuild>
    <CustomBuild Include="res\ppt1.bmp">
      <Filter>Resource Files</Filter>
    </CustomBuild>
    <CustomBuild Include="res\prev.bmp">
      <Filter>Resource Files</Filter>
    </CustomBuild>
    <CustomBuild Include="res\prev1.bmp">
      <Filter>Resource Files</Filter>
    </CustomBuild>
    <CustomBuild Include="res\prev_Change.bmp">
      <Filter>Resource Files</Filter>
    </CustomBuild>
    <CustomBuild Include="res\Prev_Page.bmp">
      <Filter>Resource Files</Filter>
    </CustomBuild>
    <CustomBuild Include="res\Prev_Pos.bmp">
      <Filter>Resource Files</Filter>
    </CustomBuild>
    <CustomBuild Include="res\PrevPos.bmp">
      <Filter>Resource Files</Filter>
    </CustomBuild>
    <CustomBuild Include="res\printer.bmp">
      <Filter>Resource Files</Filter>
    </CustomBuild>
    <CustomBuild Include="res\red_key1.bmp">
      <Filter>Resource Files</Filter>
    </CustomBuild>
    <CustomBuild Include="res\RedKeyFrame.bmp">
      <Filter>Resource Files</Filter>
    </CustomBuild>
    <CustomBuild Include="res\rep_Stat.bmp">
      <Filter>Resource Files</Filter>
    </CustomBuild>
    <CustomBuild Include="res\Right.bmp">
      <Filter>Resource Files</Filter>
    </CustomBuild>
    <CustomBuild Include="res\RightBottom.bmp">
      <Filter>Resource Files</Filter>
    </CustomBuild>
    <CustomBuild Include="res\RightUp.bmp">
      <Filter>Resource Files</Filter>
    </CustomBuild>
    <CustomBuild Include="res\RKey.bmp">
      <Filter>Resource Files</Filter>
    </CustomBuild>
    <CustomBuild Include="res\Select.bmp">
      <Filter>Resource Files</Filter>
    </CustomBuild>
    <CustomBuild Include="res\sep.bmp">
      <Filter>Resource Files</Filter>
    </CustomBuild>
    <CustomBuild Include="res\set_poin.bmp">
      <Filter>Resource Files</Filter>
    </CustomBuild>
    <CustomBuild Include="res\sq_in1.bmp">
      <Filter>Resource Files</Filter>
    </CustomBuild>
    <CustomBuild Include="res\sq_out1.bmp">
      <Filter>Resource Files</Filter>
    </CustomBuild>
    <CustomBuild Include="res\stopvideo.bmp">
      <Filter>Resource Files</Filter>
    </CustomBuild>
    <CustomBuild Include="res\Thumb.bmp">
      <Filter>Resource Files</Filter>
    </CustomBuild>
    <CustomBuild Include="res\thumb_body.bmp">
      <Filter>Resource Files</Filter>
    </CustomBuild>
    <CustomBuild Include="res\Thumb_head.bmp">
      <Filter>Resource Files</Filter>
    </CustomBuild>
    <CustomBuild Include="res\thumb_tail.bmp">
      <Filter>Resource Files</Filter>
    </CustomBuild>
    <CustomBuild Include="res\Toolbar.bmp">
      <Filter>Resource Files</Filter>
    </CustomBuild>
    <CustomBuild Include="res\Unknown.bmp">
      <Filter>Resource Files</Filter>
    </CustomBuild>
    <CustomBuild Include="res\UnMark.bmp">
      <Filter>Resource Files</Filter>
    </CustomBuild>
    <CustomBuild Include="res\unmark1.bmp">
      <Filter>Resource Files</Filter>
    </CustomBuild>
    <CustomBuild Include="res\Up.bmp">
      <Filter>Resource Files</Filter>
    </CustomBuild>
    <CustomBuild Include="res\videoprofile.bmp">
      <Filter>Resource Files</Filter>
    </CustomBuild>
    <CustomBuild Include="res\wizard.bmp">
      <Filter>Resource Files</Filter>
    </CustomBuild>
    <CustomBuild Include="res\zoom_in.bmp">
      <Filter>Resource Files</Filter>
    </CustomBuild>
    <CustomBuild Include="res\zoom_in1.bmp">
      <Filter>Resource Files</Filter>
    </CustomBuild>
    <CustomBuild Include="res\zoom_in_pt.bmp">
      <Filter>Resource Files</Filter>
    </CustomBuild>
    <CustomBuild Include="res\zoom_in_scale.bmp">
      <Filter>Resource Files</Filter>
    </CustomBuild>
    <CustomBuild Include="res\zoom_out.bmp">
      <Filter>Resource Files</Filter>
    </CustomBuild>
    <CustomBuild Include="res\zoom_out_pt.bmp">
      <Filter>Resource Files</Filter>
    </CustomBuild>
    <CustomBuild Include="res\zoom_out_scale.bmp">
      <Filter>Resource Files</Filter>
    </CustomBuild>
    <CustomBuild Include="res\ZoomIn.bmp">
      <Filter>Resource Files</Filter>
    </CustomBuild>
    <CustomBuild Include="res\ZoomOut.bmp">
      <Filter>Resource Files</Filter>
    </CustomBuild>
    <CustomBuild Include="res\horse.avi" />
    <CustomBuild Include="ReadMe.txt" />
  </ItemGroup>
  <ItemGroup>
    <None Include="res\ribbon1.mfcribbon-ms" />
    <None Include="res\pages_small_hc.bmp">
      <Filter>Resource Files</Filter>
    </None>
    <None Include="res\writelarge.bmp">
      <Filter>Resource Files</Filter>
    </None>
    <None Include="res\writesmall.bmp">
      <Filter>Resource Files</Filter>
    </None>
    <None Include="res\filelarge.bmp">
      <Filter>Resource Files</Filter>
    </None>
    <None Include="res\filesmall.bmp">
      <Filter>Resource Files</Filter>
    </None>
    <None Include="res\buttons.bmp">
      <Filter>Resource Files</Filter>
    </None>
    <None Include="res\main.bmp">
      <Filter>Resource Files</Filter>
    </None>
    <None Include="res\file_larse.bmp">
      <Filter>Resource Files</Filter>
    </None>
    <None Include="res\sakusei_larse.bmp">
      <Filter>Resource Files</Filter>
    </None>
    <None Include="res\edit_larse.bmp">
      <Filter>Resource Files</Filter>
    </None>
    <None Include="res\edit_small.bmp">
      <Filter>Resource Files</Filter>
    </None>
    <None Include="res\option_larse.bmp">
      <Filter>Resource Files</Filter>
    </None>
    <None Include="res\o2_all_larse.bmp">
      <Filter>Resource Files</Filter>
    </None>
    <None Include="..\eLearningCapture.JP\res\p8.bmp">
      <Filter>Resource Files</Filter>
    </None>
    <None Include="..\eLearningCapture.JP\res\p7.bmp">
      <Filter>Resource Files</Filter>
    </None>
    <None Include="..\eLearningCapture.JP\res\p6.bmp">
      <Filter>Resource Files</Filter>
    </None>
    <None Include="..\eLearningCapture.JP\res\p5.bmp">
      <Filter>Resource Files</Filter>
    </None>
    <None Include="..\eLearningCapture.JP\res\p4.bmp">
      <Filter>Resource Files</Filter>
    </None>
    <None Include="..\eLearningCapture.JP\res\p3.bmp">
      <Filter>Resource Files</Filter>
    </None>
    <None Include="..\eLearningCapture.JP\res\p2.bmp">
      <Filter>Resource Files</Filter>
    </None>
    <None Include="..\eLearningCapture.JP\res\p1.bmp">
      <Filter>Resource Files</Filter>
    </None>
    <None Include="..\eLearningCapture.JP\res\c1.bmp">
      <Filter>Resource Files</Filter>
    </None>
    <None Include="..\eLearningCapture.JP\res\c4.bmp">
      <Filter>Resource Files</Filter>
    </None>
    <None Include="..\eLearningCapture.JP\res\c3.bmp">
      <Filter>Resource Files</Filter>
    </None>
    <None Include="..\eLearningCapture.JP\res\h1.bmp">
      <Filter>Resource Files</Filter>
    </None>
    <None Include="..\eLearningCapture.JP\res\d4.bmp">
      <Filter>Resource Files</Filter>
    </None>
    <None Include="..\eLearningCapture.JP\res\d3.bmp">
      <Filter>Resource Files</Filter>
    </None>
    <None Include="..\eLearningCapture.JP\res\d2.bmp">
      <Filter>Resource Files</Filter>
    </None>
    <None Include="..\eLearningCapture.JP\res\d1.bmp">
      <Filter>Resource Files</Filter>
    </None>
    <None Include="..\eLearningCapture.JP\res\h3.bmp">
      <Filter>Resource Files</Filter>
    </None>
    <None Include="..\eLearningCapture.JP\res\h2.bmp">
      <Filter>Resource Files</Filter>
    </None>
    <None Include="..\eLearningCapture.JP\res\f4.bmp">
      <Filter>Resource Files</Filter>
    </None>
    <None Include="..\eLearningCapture.JP\res\f3.bmp">
      <Filter>Resource Files</Filter>
    </None>
    <None Include="..\eLearningCapture.JP\res\f2.bmp">
      <Filter>Resource Files</Filter>
    </None>
    <None Include="..\eLearningCapture.JP\res\e2.bmp">
      <Filter>Resource Files</Filter>
    </None>
    <None Include="..\eLearningCapture.JP\res\e1.bmp">
      <Filter>Resource Files</Filter>
    </None>
    <None Include="..\eLearningCapture.JP\res\f8.bmp">
      <Filter>Resource Files</Filter>
    </None>
    <None Include="..\eLearningCapture.JP\res\f7.bmp">
      <Filter>Resource Files</Filter>
    </None>
    <None Include="..\eLearningCapture.JP\res\f6.bmp">
      <Filter>Resource Files</Filter>
    </None>
    <None Include="..\eLearningCapture.JP\res\f5.bmp">
      <Filter>Resource Files</Filter>
    </None>
    <None Include="..\eLearningCapture.JP\res\f1.bmp">
      <Filter>Resource Files</Filter>
    </None>
    <None Include="..\eLearningCapture.JP\res\g5.bmp">
      <Filter>Resource Files</Filter>
    </None>
    <None Include="..\eLearningCapture.JP\res\g4.bmp">
      <Filter>Resource Files</Filter>
    </None>
    <None Include="..\eLearningCapture.JP\res\g3.bmp">
      <Filter>Resource Files</Filter>
    </None>
    <None Include="..\eLearningCapture.JP\res\g2.bmp">
      <Filter>Resource Files</Filter>
    </None>
    <None Include="..\eLearningCapture.JP\res\g6.bmp">
      <Filter>Resource Files</Filter>
    </None>
    <None Include="..\eLearningCapture.JP\res\e5.bmp">
      <Filter>Resource Files</Filter>
    </None>
    <None Include="..\eLearningCapture.JP\res\e3.bmp">
      <Filter>Resource Files</Filter>
    </None>
    <None Include="..\eLearningCapture.JP\res\c2.bmp">
      <Filter>Resource Files</Filter>
    </None>
    <None Include="..\eLearningCapture.JP\res\c5.bmp">
      <Filter>Resource Files</Filter>
    </None>
    <None Include="..\eLearningCapture.JP\res\e6.bmp">
      <Filter>Resource Files</Filter>
    </None>
    <None Include="..\eLearningCapture.JP\res\e4.bmp">
      <Filter>Resource Files</Filter>
    </None>
    <None Include="..\eLearningCapture.JP\res\bmp00007.bmp">
      <Filter>Resource Files</Filter>
    </None>
    <None Include="..\eLearningCapture.JP\res\ptr_h4.bmp">
      <Filter>Resource Files</Filter>
    </None>
    <None Include="..\eLearningCapture.JP\res\i3.bmp">
      <Filter>Resource Files</Filter>
    </None>
    <None Include="..\eLearningCapture.JP\res\i2.bmp">
      <Filter>Resource Files</Filter>
    </None>
    <None Include="..\eLearningCapture.JP\res\i1.bmp">
      <Filter>Resource Files</Filter>
    </None>
    <None Include="res\infovideo.bmp">
      <Filter>Resource Files</Filter>
    </None>
  </ItemGroup>
</Project>